dependencies:
- name: mongodb
  repository: https://charts.bitnami.com/bitnami
  version: 13.9.0
- name: postgresql-ha
  repository: https://charts.bitnami.com/bitnami
  version: 11.1.2
- name: mariadb-galera
  repository: https://charts.bitnami.com/bitnami
  version: 7.4.14
- name: prometheus-elasticsearch-exporter
  repository: https://prometheus-community.github.io/helm-charts
  version: 5.0.0
- name: mariadb
  repository: https://charts.bitnami.com/bitnami
  version: 11.5.3
- name: postgresql
  repository: https://charts.bitnami.com/bitnami
  version: 12.2.2
digest: sha256:adaab48deff45b5b8e4c2371b99f813f93d664595aa467230077d14d16236300
generated: "2023-03-14T01:12:39.3691361-06:00"
