{
  "version": 4,
  "terraform_version": "1.4.6",
  "serial": 15,
  "lineage": "091c5528-d4ed-d80b-236a-148041ebbb4d",
  "outputs": {
    "account_id": {
      "value": "ca9b0418-c16e-4346-a5d8-95f5235911de",
      "type": "string"
    },
    "container_fqdn": {
      "value": [
        "main-app.ambitiousground-4bf6e525.eastus.azurecontainerapps.io"
      ],
      "type": [
        "list",
        "string"
      ]
    },
    "container_outbound_ip_addresses": {
      "value": [
        "20.75.172.185"
      ],
      "type": [
        "list",
        "string"
      ]
    },
    "container_services_fqdn": {
      "value": "main-mangos.azurewebsites.net",
      "type": "string"
    },
    "container_services_ip_addresses_outbound": {
      "value": [
        "52.149.245.253",
        "52.152.193.217",
        "52.152.193.252",
        "52.142.33.149",
        "52.152.194.64",
        "52.152.194.101",
        "20.119.8.42"
      ],
      "type": [
        "list",
        "string"
      ]
    }
  },
  "resources": [
    {
      "mode": "data",
      "type": "azurerm_client_config",
      "name": "current",
      "provider": "provider[\"registry.terraform.io/hashicorp/azurerm\"]",
      "instances": [
        {
          "schema_version": 0,
          "attributes": {
            "client_id": "04b07795-8ddb-461a-bbee-02f9e1bf7b46",
            "id": "Y2xpZW50Q29uZmlncy9jbGllbnRJZD0wNGIwNzc5NS04ZGRiLTQ2MWEtYmJlZS0wMmY5ZTFiZjdiNDY7b2JqZWN0SWQ9Y2E5YjA0MTgtYzE2ZS00MzQ2LWE1ZDgtOTVmNTIzNTkxMWRlO3N1YnNjcmlwdGlvbklkPTExMzY0OWFiLWU5ZmMtNGNhYy1hZWM1LWM2YmY4MWJjMGFiMjt0ZW5hbnRJZD1iZmNmMWQ5ZC05M2VhLTQzYjEtYjkwMi0xZGFhNjhhNjQyNDg=",
            "object_id": "ca9b0418-c16e-4346-a5d8-95f5235911de",
            "subscription_id": "113649ab-e9fc-4cac-aec5-c6bf81bc0ab2",
            "tenant_id": "bfcf1d9d-93ea-43b1-b902-1daa68a64248",
            "timeouts": null
          },
          "sensitive_attributes": []
        }
      ]
    },
    {
      "mode": "data",
      "type": "azurerm_client_config",
      "name": "main",
      "provider": "provider[\"registry.terraform.io/hashicorp/azurerm\"]",
      "instances": [
        {
          "schema_version": 0,
          "attributes": {
            "client_id": "04b07795-8ddb-461a-bbee-02f9e1bf7b46",
            "id": "Y2xpZW50Q29uZmlncy9jbGllbnRJZD0wNGIwNzc5NS04ZGRiLTQ2MWEtYmJlZS0wMmY5ZTFiZjdiNDY7b2JqZWN0SWQ9Y2E5YjA0MTgtYzE2ZS00MzQ2LWE1ZDgtOTVmNTIzNTkxMWRlO3N1YnNjcmlwdGlvbklkPTExMzY0OWFiLWU5ZmMtNGNhYy1hZWM1LWM2YmY4MWJjMGFiMjt0ZW5hbnRJZD1iZmNmMWQ5ZC05M2VhLTQzYjEtYjkwMi0xZGFhNjhhNjQyNDg=",
            "object_id": "ca9b0418-c16e-4346-a5d8-95f5235911de",
            "subscription_id": "113649ab-e9fc-4cac-aec5-c6bf81bc0ab2",
            "tenant_id": "bfcf1d9d-93ea-43b1-b902-1daa68a64248",
            "timeouts": null
          },
          "sensitive_attributes": []
        }
      ]
    },
    {
      "mode": "data",
      "type": "azurerm_subscription",
      "name": "main",
      "provider": "provider[\"registry.terraform.io/hashicorp/azurerm\"]",
      "instances": [
        {
          "schema_version": 0,
          "attributes": {
            "display_name": "Azure for Students",
            "id": "/subscriptions/113649ab-e9fc-4cac-aec5-c6bf81bc0ab2",
            "location_placement_id": "Public_2014-09-01",
            "quota_id": "AzureForStudents_2018-01-01",
            "spending_limit": "On",
            "state": "Enabled",
            "subscription_id": "113649ab-e9fc-4cac-aec5-c6bf81bc0ab2",
            "tags": {},
            "tenant_id": "bfcf1d9d-93ea-43b1-b902-1daa68a64248",
            "timeouts": null
          },
          "sensitive_attributes": []
        }
      ]
    },
    {
      "mode": "managed",
      "type": "azurerm_container_app",
      "name": "main",
      "provider": "provider[\"registry.terraform.io/hashicorp/azurerm\"]",
      "instances": [
        {
          "schema_version": 0,
          "attributes": {
            "container_app_environment_id": "/subscriptions/113649ab-e9fc-4cac-aec5-c6bf81bc0ab2/resourceGroups/ic4302-mangos/providers/Microsoft.App/managedEnvironments/main",
            "custom_domain_verification_id": "E13A03894E8B9015ECD1DD3F1DDC8298BAE0B6EBBBED8CFB5EAFFFA6CF8B8FDC",
            "dapr": [],
            "id": "/subscriptions/113649ab-e9fc-4cac-aec5-c6bf81bc0ab2/resourceGroups/ic4302-mangos/providers/Microsoft.App/containerApps/main-app",
            "identity": [
              {
                "identity_ids": [
                  "/subscriptions/113649ab-e9fc-4cac-aec5-c6bf81bc0ab2/resourceGroups/ic4302-mangos/providers/Microsoft.ManagedIdentity/userAssignedIdentities/owneraccess"
                ],
                "principal_id": "",
                "tenant_id": "",
                "type": "UserAssigned"
              }
            ],
            "ingress": [
              {
                "allow_insecure_connections": true,
                "custom_domain": [],
                "external_enabled": true,
                "fqdn": "main-app.ambitiousground-4bf6e525.eastus.azurecontainerapps.io",
                "target_port": 5000,
                "traffic_weight": [
                  {
                    "label": "",
                    "latest_revision": true,
                    "percentage": 100,
                    "revision_suffix": ""
                  }
                ],
                "transport": "auto"
              }
            ],
            "latest_revision_fqdn": "main-app--q8sjiv2.ambitiousground-4bf6e525.eastus.azurecontainerapps.io",
            "latest_revision_name": "main-app--q8sjiv2",
            "location": "eastus",
            "name": "main-app",
            "outbound_ip_addresses": [
              "20.75.172.185"
            ],
            "registry": [],
            "resource_group_name": "ic4302-mangos",
            "revision_mode": "Single",
            "secret": [],
            "tags": null,
            "template": [
              {
                "container": [
                  {
                    "args": null,
                    "command": null,
                    "cpu": 0.25,
                    "env": [
                      {
                        "name": "USERNAME",
                        "secret_name": "",
                        "value": "MelSaFer"
                      },
                      {
                        "name": "PASSWORD",
                        "secret_name": "",
                        "value": "3trZoWOalvOKN7tQ"
                      },
                      {
                        "name": "DATABASE",
                        "secret_name": "",
                        "value": "OpenLyricsSearch"
                      },
                      {
                        "name": "ARTISTS_COLLECTION",
                        "secret_name": "",
                        "value": "artistsCollection"
                      },
                      {
                        "name": "LYRICS_COLLECTION",
                        "secret_name": "",
                        "value": "lyricsCollection"
                      }
                    ],
                    "ephemeral_storage": "1Gi",
                    "image": "docker.io/isaac4918/mangos-api:latest",
                    "liveness_probe": [],
                    "memory": "0.5Gi",
                    "name": "api-demo",
                    "readiness_probe": [],
                    "startup_probe": [],
                    "volume_mounts": []
                  }
                ],
                "max_replicas": 10,
                "min_replicas": 0,
                "revision_suffix": "",
                "volume": []
              }
            ],
            "timeouts": null
          },
          "sensitive_attributes": [],
          "private": "eyJlMmJmYjczMC1lY2FhLTExZTYtOGY4OC0zNDM2M2JjN2M0YzAiOnsiY3JlYXRlIjoxODAwMDAwMDAwMDAwLCJkZWxldGUiOjE4MDAwMDAwMDAwMDAsInJlYWQiOjMwMDAwMDAwMDAwMCwidXBkYXRlIjoxODAwMDAwMDAwMDAwfX0=",
          "dependencies": [
            "azurerm_container_app_environment.main",
            "azurerm_log_analytics_workspace.main",
            "azurerm_resource_group.main",
            "azurerm_user_assigned_identity.main"
          ]
        }
      ]
    },
    {
      "mode": "managed",
      "type": "azurerm_container_app_environment",
      "name": "main",
      "provider": "provider[\"registry.terraform.io/hashicorp/azurerm\"]",
      "instances": [
        {
          "schema_version": 0,
          "attributes": {
            "default_domain": "ambitiousground-4bf6e525.eastus.azurecontainerapps.io",
            "docker_bridge_cidr": "",
            "id": "/subscriptions/113649ab-e9fc-4cac-aec5-c6bf81bc0ab2/resourceGroups/ic4302-mangos/providers/Microsoft.App/managedEnvironments/main",
            "infrastructure_subnet_id": "",
            "internal_load_balancer_enabled": false,
            "location": "eastus",
            "log_analytics_workspace_id": "/subscriptions/113649ab-e9fc-4cac-aec5-c6bf81bc0ab2/resourceGroups/ic4302-mangos/providers/Microsoft.OperationalInsights/workspaces/main-app",
            "name": "main",
            "platform_reserved_cidr": "",
            "platform_reserved_dns_ip_address": "",
            "resource_group_name": "ic4302-mangos",
            "static_ip_address": "20.237.103.13",
            "tags": null,
            "timeouts": null
          },
          "sensitive_attributes": [],
          "private": "eyJlMmJmYjczMC1lY2FhLTExZTYtOGY4OC0zNDM2M2JjN2M0YzAiOnsiY3JlYXRlIjoxODAwMDAwMDAwMDAwLCJkZWxldGUiOjE4MDAwMDAwMDAwMDAsInJlYWQiOjMwMDAwMDAwMDAwMCwidXBkYXRlIjoxODAwMDAwMDAwMDAwfX0=",
          "dependencies": [
            "azurerm_log_analytics_workspace.main",
            "azurerm_resource_group.main"
          ]
        }
      ]
    },
    {
      "mode": "managed",
      "type": "azurerm_linux_web_app",
      "name": "main",
      "provider": "provider[\"registry.terraform.io/hashicorp/azurerm\"]",
      "instances": [
        {
          "schema_version": 0,
          "attributes": {
            "app_settings": {
              "AZURE_CLIENT_ID": "5a33a24f-ddb3-4509-8687-8b88038eaa6d",
              "WEBSITES_ENABLE_APP_SERVICE_STORAGE": "false"
            },
            "auth_settings": [],
            "auth_settings_v2": [],
            "backup": [],
            "client_affinity_enabled": false,
            "client_certificate_enabled": false,
            "client_certificate_exclusion_paths": "",
            "client_certificate_mode": "Required",
            "connection_string": [],
            "custom_domain_verification_id": "E13A03894E8B9015ECD1DD3F1DDC8298BAE0B6EBBBED8CFB5EAFFFA6CF8B8FDC",
            "default_hostname": "main-mangos.azurewebsites.net",
            "enabled": true,
            "https_only": false,
            "id": "/subscriptions/113649ab-e9fc-4cac-aec5-c6bf81bc0ab2/resourceGroups/ic4302-mangos/providers/Microsoft.Web/sites/main-mangos",
            "identity": [
              {
                "identity_ids": [
                  "/subscriptions/113649ab-e9fc-4cac-aec5-c6bf81bc0ab2/resourceGroups/ic4302-mangos/providers/Microsoft.ManagedIdentity/userAssignedIdentities/owneraccess"
                ],
                "principal_id": "",
                "tenant_id": "",
                "type": "UserAssigned"
              }
            ],
            "key_vault_reference_identity_id": "SystemAssigned",
            "kind": "app,linux,container",
            "location": "eastus",
            "logs": [],
            "name": "main-mangos",
            "outbound_ip_address_list": [
              "52.149.245.253",
              "52.152.193.217",
              "52.152.193.252",
              "52.142.33.149",
              "52.152.194.64",
              "52.152.194.101",
              "20.119.8.42"
            ],
            "outbound_ip_addresses": "52.149.245.253,52.152.193.217,52.152.193.252,52.142.33.149,52.152.194.64,52.152.194.101,20.119.8.42",
            "possible_outbound_ip_address_list": [
              "52.149.245.253",
              "52.152.193.217",
              "52.152.193.252",
              "52.142.33.149",
              "52.152.194.64",
              "52.152.194.101",
              "52.152.194.123",
              "52.152.194.245",
              "52.152.195.213",
              "52.152.196.8",
              "52.152.196.16",
              "52.152.196.36",
              "52.152.196.84",
              "52.152.193.0",
              "52.152.196.89",
              "52.152.196.169",
              "52.152.196.240",
              "52.152.196.246",
              "52.152.197.195",
              "52.152.197.224",
              "52.152.198.7",
              "52.152.198.24",
              "52.152.198.26",
              "52.152.193.174",
              "20.119.8.42"
            ],
            "possible_outbound_ip_addresses": "52.149.245.253,52.152.193.217,52.152.193.252,52.142.33.149,52.152.194.64,52.152.194.101,52.152.194.123,52.152.194.245,52.152.195.213,52.152.196.8,52.152.196.16,52.152.196.36,52.152.196.84,52.152.193.0,52.152.196.89,52.152.196.169,52.152.196.240,52.152.196.246,52.152.197.195,52.152.197.224,52.152.198.7,52.152.198.24,52.152.198.26,52.152.193.174,20.119.8.42",
            "resource_group_name": "ic4302-mangos",
            "service_plan_id": "/subscriptions/113649ab-e9fc-4cac-aec5-c6bf81bc0ab2/resourceGroups/ic4302-mangos/providers/Microsoft.Web/serverfarms/main-mangos",
            "site_config": [
              {
                "always_on": true,
                "api_definition_url": "",
                "api_management_api_id": "",
                "app_command_line": "",
                "application_stack": [
                  {
                    "docker_image": "docker.io/moisose/open-lyrics",
                    "docker_image_tag": "latest",
                    "dotnet_version": "",
                    "go_version": "",
                    "java_server": "",
                    "java_server_version": "",
                    "java_version": "",
                    "node_version": "",
                    "php_version": "",
                    "python_version": "",
                    "ruby_version": ""
                  }
                ],
                "auto_heal_enabled": false,
                "auto_heal_setting": [],
                "container_registry_managed_identity_client_id": "",
                "container_registry_use_managed_identity": false,
                "cors": [],
                "default_documents": [
                  "Default.htm",
                  "Default.html",
                  "Default.asp",
                  "index.htm",
                  "index.html",
                  "iisstart.htm",
                  "default.aspx",
                  "index.php",
                  "hostingstart.html"
                ],
                "detailed_error_logging_enabled": false,
                "ftps_state": "Disabled",
                "health_check_eviction_time_in_min": 0,
                "health_check_path": "",
                "http2_enabled": false,
                "ip_restriction": [],
                "linux_fx_version": "DOCKER|docker.io/moisose/open-lyrics:latest",
                "load_balancing_mode": "LeastRequests",
                "local_mysql_enabled": false,
                "managed_pipeline_mode": "Integrated",
                "minimum_tls_version": "1.2",
                "remote_debugging_enabled": false,
                "remote_debugging_version": "VS2019",
                "scm_ip_restriction": [],
                "scm_minimum_tls_version": "1.2",
                "scm_type": "None",
                "scm_use_main_ip_restriction": false,
                "use_32_bit_worker": true,
                "vnet_route_all_enabled": false,
                "websockets_enabled": false,
                "worker_count": 1
              }
            ],
            "site_credential": [
              {
                "name": "$main-mangos",
                "password": "BFGWCz2oxnQ0jglmZD9E0Fzd1pocaDoPZijdvnvQ1KQ2XQqkK5hoRzFtt2s9"
              }
            ],
            "sticky_settings": [],
            "storage_account": [],
            "tags": null,
            "timeouts": null,
            "virtual_network_subnet_id": "",
            "zip_deploy_file": ""
          },
          "sensitive_attributes": [],
          "private": "eyJlMmJmYjczMC1lY2FhLTExZTYtOGY4OC0zNDM2M2JjN2M0YzAiOnsiY3JlYXRlIjoxODAwMDAwMDAwMDAwLCJkZWxldGUiOjE4MDAwMDAwMDAwMDAsInJlYWQiOjMwMDAwMDAwMDAwMCwidXBkYXRlIjoxODAwMDAwMDAwMDAwfX0=",
          "dependencies": [
            "azurerm_resource_group.main",
            "azurerm_service_plan.main",
            "azurerm_user_assigned_identity.main"
          ]
        }
      ]
    },
    {
      "mode": "managed",
      "type": "azurerm_log_analytics_workspace",
      "name": "main",
      "provider": "provider[\"registry.terraform.io/hashicorp/azurerm\"]",
      "instances": [
        {
          "schema_version": 3,
          "attributes": {
            "allow_resource_only_permissions": true,
            "cmk_for_query_forced": false,
            "daily_quota_gb": -1,
            "id": "/subscriptions/113649ab-e9fc-4cac-aec5-c6bf81bc0ab2/resourceGroups/ic4302-mangos/providers/Microsoft.OperationalInsights/workspaces/main-app",
            "internet_ingestion_enabled": true,
            "internet_query_enabled": true,
            "local_authentication_disabled": false,
            "location": "eastus",
            "name": "main-app",
            "primary_shared_key": "z5Bx8boVLFekbnx1S/IOvfmJqy2MspQqBHO8qjlpgdhtDHBPAZXMZT7fp9Tos1SGVrtoi9k/uUNvn+23xOLlEg==",
            "reservation_capacity_in_gb_per_day": null,
            "resource_group_name": "ic4302-mangos",
            "retention_in_days": 30,
            "secondary_shared_key": "EHKGy0q/oKWweOPsyTPOrLYOHb/qB5Y+Kv7LL8kRyitctE+mXpnShOgbjy9CpI7VlwWm5bXYEbFK0Td/CxHIng==",
            "sku": "PerGB2018",
            "tags": null,
            "timeouts": null,
            "workspace_id": "42ee5818-88e7-4a8f-9eed-65d8fb4b84cb"
          },
          "sensitive_attributes": [],
          "private": "eyJlMmJmYjczMC1lY2FhLTExZTYtOGY4OC0zNDM2M2JjN2M0YzAiOnsiY3JlYXRlIjoxODAwMDAwMDAwMDAwLCJkZWxldGUiOjE4MDAwMDAwMDAwMDAsInJlYWQiOjMwMDAwMDAwMDAwMCwidXBkYXRlIjoxODAwMDAwMDAwMDAwfSwic2NoZW1hX3ZlcnNpb24iOiIzIn0=",
          "dependencies": [
            "azurerm_resource_group.main"
          ]
        }
      ]
    },
    {
      "mode": "managed",
      "type": "azurerm_resource_group",
      "name": "main",
      "provider": "provider[\"registry.terraform.io/hashicorp/azurerm\"]",
      "instances": [
        {
          "schema_version": 0,
          "attributes": {
            "id": "/subscriptions/113649ab-e9fc-4cac-aec5-c6bf81bc0ab2/resourceGroups/ic4302-mangos",
            "location": "eastus",
            "name": "ic4302-mangos",
            "tags": null,
            "timeouts": null
          },
          "sensitive_attributes": [],
          "private": "eyJlMmJmYjczMC1lY2FhLTExZTYtOGY4OC0zNDM2M2JjN2M0YzAiOnsiY3JlYXRlIjo1NDAwMDAwMDAwMDAwLCJkZWxldGUiOjU0MDAwMDAwMDAwMDAsInJlYWQiOjMwMDAwMDAwMDAwMCwidXBkYXRlIjo1NDAwMDAwMDAwMDAwfX0="
        }
      ]
    },
    {
      "mode": "managed",
      "type": "azurerm_role_assignment",
      "name": "main",
      "provider": "provider[\"registry.terraform.io/hashicorp/azurerm\"]",
      "instances": [
        {
          "schema_version": 0,
          "attributes": {
            "condition": "",
            "condition_version": "",
            "delegated_managed_identity_resource_id": "",
            "description": "",
            "id": "/subscriptions/113649ab-e9fc-4cac-aec5-c6bf81bc0ab2/providers/Microsoft.Authorization/roleAssignments/6a15579d-c5e6-0d01-1108-e014fcd8a202",
            "name": "6a15579d-c5e6-0d01-1108-e014fcd8a202",
            "principal_id": "f9900b32-d60e-48fe-812d-b7b75f8deb4c",
            "principal_type": "ServicePrincipal",
            "role_definition_id": "/subscriptions/113649ab-e9fc-4cac-aec5-c6bf81bc0ab2/providers/Microsoft.Authorization/roleDefinitions/8e3af657-a8ff-443c-a75c-2fe8c4bcb635",
            "role_definition_name": "Owner",
            "scope": "/subscriptions/113649ab-e9fc-4cac-aec5-c6bf81bc0ab2",
            "skip_service_principal_aad_check": null,
            "timeouts": null
          },
          "sensitive_attributes": [],
          "private": "eyJlMmJmYjczMC1lY2FhLTExZTYtOGY4OC0zNDM2M2JjN2M0YzAiOnsiY3JlYXRlIjoxODAwMDAwMDAwMDAwLCJkZWxldGUiOjE4MDAwMDAwMDAwMDAsInJlYWQiOjMwMDAwMDAwMDAwMCwidXBkYXRlIjoxODAwMDAwMDAwMDAwfX0=",
          "dependencies": [
            "azurerm_resource_group.main",
            "azurerm_user_assigned_identity.main",
            "data.azurerm_subscription.main"
          ]
        }
      ]
    },
    {
      "mode": "managed",
      "type": "azurerm_role_assignment",
      "name": "storage_blob_data_contributor",
      "provider": "provider[\"registry.terraform.io/hashicorp/azurerm\"]",
      "instances": [
        {
          "schema_version": 0,
          "attributes": {
            "condition": "",
            "condition_version": "",
            "delegated_managed_identity_resource_id": "",
            "description": "",
            "id": "/subscriptions/113649ab-e9fc-4cac-aec5-c6bf81bc0ab2/providers/Microsoft.Authorization/roleAssignments/7056f234-d1bb-c4ec-1aa5-dfb834522e5b",
            "name": "7056f234-d1bb-c4ec-1aa5-dfb834522e5b",
            "principal_id": "f9900b32-d60e-48fe-812d-b7b75f8deb4c",
            "principal_type": "ServicePrincipal",
            "role_definition_id": "/subscriptions/113649ab-e9fc-4cac-aec5-c6bf81bc0ab2/providers/Microsoft.Authorization/roleDefinitions/ba92f5b4-2d11-453d-a403-e96b0029c9fe",
            "role_definition_name": "Storage Blob Data Contributor",
            "scope": "/subscriptions/113649ab-e9fc-4cac-aec5-c6bf81bc0ab2",
            "skip_service_principal_aad_check": null,
            "timeouts": null
          },
          "sensitive_attributes": [],
          "private": "eyJlMmJmYjczMC1lY2FhLTExZTYtOGY4OC0zNDM2M2JjN2M0YzAiOnsiY3JlYXRlIjoxODAwMDAwMDAwMDAwLCJkZWxldGUiOjE4MDAwMDAwMDAwMDAsInJlYWQiOjMwMDAwMDAwMDAwMCwidXBkYXRlIjoxODAwMDAwMDAwMDAwfX0=",
          "dependencies": [
            "azurerm_resource_group.main",
            "azurerm_user_assigned_identity.main",
            "data.azurerm_subscription.main"
          ]
        }
      ]
    },
    {
      "mode": "managed",
      "type": "azurerm_role_assignment",
      "name": "storage_blob_data_contributor_user",
      "provider": "provider[\"registry.terraform.io/hashicorp/azurerm\"]",
      "instances": [
        {
          "schema_version": 0,
          "attributes": {
            "condition": "",
            "condition_version": "",
            "delegated_managed_identity_resource_id": "",
            "description": "",
            "id": "/subscriptions/113649ab-e9fc-4cac-aec5-c6bf81bc0ab2/providers/Microsoft.Authorization/roleAssignments/23114f9b-aba6-623a-c70a-71fe83a1a4a8",
            "name": "23114f9b-aba6-623a-c70a-71fe83a1a4a8",
            "principal_id": "ca9b0418-c16e-4346-a5d8-95f5235911de",
            "principal_type": "User",
            "role_definition_id": "/subscriptions/113649ab-e9fc-4cac-aec5-c6bf81bc0ab2/providers/Microsoft.Authorization/roleDefinitions/ba92f5b4-2d11-453d-a403-e96b0029c9fe",
            "role_definition_name": "Storage Blob Data Contributor",
            "scope": "/subscriptions/113649ab-e9fc-4cac-aec5-c6bf81bc0ab2",
            "skip_service_principal_aad_check": null,
            "timeouts": null
          },
          "sensitive_attributes": [],
          "private": "eyJlMmJmYjczMC1lY2FhLTExZTYtOGY4OC0zNDM2M2JjN2M0YzAiOnsiY3JlYXRlIjoxODAwMDAwMDAwMDAwLCJkZWxldGUiOjE4MDAwMDAwMDAwMDAsInJlYWQiOjMwMDAwMDAwMDAwMCwidXBkYXRlIjoxODAwMDAwMDAwMDAwfX0=",
          "dependencies": [
            "data.azurerm_client_config.current",
            "data.azurerm_subscription.main"
          ]
        }
      ]
    },
    {
      "mode": "managed",
      "type": "azurerm_role_assignment",
      "name": "storage_queue_data_contributor",
      "provider": "provider[\"registry.terraform.io/hashicorp/azurerm\"]",
      "instances": [
        {
          "schema_version": 0,
          "attributes": {
            "condition": "",
            "condition_version": "",
            "delegated_managed_identity_resource_id": "",
            "description": "",
            "id": "/subscriptions/113649ab-e9fc-4cac-aec5-c6bf81bc0ab2/providers/Microsoft.Authorization/roleAssignments/0b3062b8-1aae-1a8b-532d-170cc97fca0b",
            "name": "0b3062b8-1aae-1a8b-532d-170cc97fca0b",
            "principal_id": "f9900b32-d60e-48fe-812d-b7b75f8deb4c",
            "principal_type": "ServicePrincipal",
            "role_definition_id": "/subscriptions/113649ab-e9fc-4cac-aec5-c6bf81bc0ab2/providers/Microsoft.Authorization/roleDefinitions/974c5e8b-45b9-4653-ba55-5f855dd0fb88",
            "role_definition_name": "Storage Queue Data Contributor",
            "scope": "/subscriptions/113649ab-e9fc-4cac-aec5-c6bf81bc0ab2",
            "skip_service_principal_aad_check": null,
            "timeouts": null
          },
          "sensitive_attributes": [],
          "private": "eyJlMmJmYjczMC1lY2FhLTExZTYtOGY4OC0zNDM2M2JjN2M0YzAiOnsiY3JlYXRlIjoxODAwMDAwMDAwMDAwLCJkZWxldGUiOjE4MDAwMDAwMDAwMDAsInJlYWQiOjMwMDAwMDAwMDAwMCwidXBkYXRlIjoxODAwMDAwMDAwMDAwfX0=",
          "dependencies": [
            "azurerm_resource_group.main",
            "azurerm_user_assigned_identity.main",
            "data.azurerm_subscription.main"
          ]
        }
      ]
    },
    {
      "mode": "managed",
      "type": "azurerm_role_assignment",
      "name": "storage_queue_data_contributor_user",
      "provider": "provider[\"registry.terraform.io/hashicorp/azurerm\"]",
      "instances": [
        {
          "schema_version": 0,
          "attributes": {
            "condition": "",
            "condition_version": "",
            "delegated_managed_identity_resource_id": "",
            "description": "",
            "id": "/subscriptions/113649ab-e9fc-4cac-aec5-c6bf81bc0ab2/providers/Microsoft.Authorization/roleAssignments/322846ad-ac8f-d395-8406-c2645d14fc20",
            "name": "322846ad-ac8f-d395-8406-c2645d14fc20",
            "principal_id": "ca9b0418-c16e-4346-a5d8-95f5235911de",
            "principal_type": "User",
            "role_definition_id": "/subscriptions/113649ab-e9fc-4cac-aec5-c6bf81bc0ab2/providers/Microsoft.Authorization/roleDefinitions/974c5e8b-45b9-4653-ba55-5f855dd0fb88",
            "role_definition_name": "Storage Queue Data Contributor",
            "scope": "/subscriptions/113649ab-e9fc-4cac-aec5-c6bf81bc0ab2",
            "skip_service_principal_aad_check": null,
            "timeouts": null
          },
          "sensitive_attributes": [],
          "private": "eyJlMmJmYjczMC1lY2FhLTExZTYtOGY4OC0zNDM2M2JjN2M0YzAiOnsiY3JlYXRlIjoxODAwMDAwMDAwMDAwLCJkZWxldGUiOjE4MDAwMDAwMDAwMDAsInJlYWQiOjMwMDAwMDAwMDAwMCwidXBkYXRlIjoxODAwMDAwMDAwMDAwfX0=",
          "dependencies": [
            "data.azurerm_client_config.current",
            "data.azurerm_subscription.main"
          ]
        }
      ]
    },
    {
      "mode": "managed",
      "type": "azurerm_service_plan",
      "name": "main",
      "provider": "provider[\"registry.terraform.io/hashicorp/azurerm\"]",
      "instances": [
        {
          "schema_version": 0,
          "attributes": {
            "app_service_environment_id": "",
            "id": "/subscriptions/113649ab-e9fc-4cac-aec5-c6bf81bc0ab2/resourceGroups/ic4302-mangos/providers/Microsoft.Web/serverfarms/main-mangos",
            "kind": "linux",
            "location": "eastus",
            "maximum_elastic_worker_count": 1,
            "name": "main-mangos",
            "os_type": "Linux",
            "per_site_scaling_enabled": false,
            "reserved": true,
            "resource_group_name": "ic4302-mangos",
            "sku_name": "S1",
            "tags": null,
            "timeouts": null,
            "worker_count": 1,
            "zone_balancing_enabled": false
          },
          "sensitive_attributes": [],
          "private": "eyJlMmJmYjczMC1lY2FhLTExZTYtOGY4OC0zNDM2M2JjN2M0YzAiOnsiY3JlYXRlIjozNjAwMDAwMDAwMDAwLCJkZWxldGUiOjM2MDAwMDAwMDAwMDAsInJlYWQiOjMwMDAwMDAwMDAwMCwidXBkYXRlIjozNjAwMDAwMDAwMDAwfX0=",
          "dependencies": [
            "azurerm_resource_group.main"
          ]
        }
      ]
    },
    {
      "mode": "managed",
      "type": "azurerm_storage_account",
      "name": "main",
      "provider": "provider[\"registry.terraform.io/hashicorp/azurerm\"]",
      "instances": [
        {
          "schema_version": 3,
          "attributes": {
            "access_tier": "Hot",
            "account_kind": "StorageV2",
            "account_replication_type": "LRS",
            "account_tier": "Standard",
            "allow_nested_items_to_be_public": true,
            "allowed_copy_scope": "",
            "azure_files_authentication": [],
            "blob_properties": [
              {
                "change_feed_enabled": false,
                "change_feed_retention_in_days": 0,
                "container_delete_retention_policy": [],
                "cors_rule": [],
                "default_service_version": "",
                "delete_retention_policy": [],
                "last_access_time_enabled": false,
                "restore_policy": [],
                "versioning_enabled": false
              }
            ],
            "cross_tenant_replication_enabled": true,
            "custom_domain": [],
            "customer_managed_key": [],
            "default_to_oauth_authentication": false,
            "edge_zone": "",
            "enable_https_traffic_only": true,
            "id": "/subscriptions/113649ab-e9fc-4cac-aec5-c6bf81bc0ab2/resourceGroups/ic4302-mangos/providers/Microsoft.Storage/storageAccounts/filesmanagermangos",
            "identity": [],
            "immutability_policy": [],
            "infrastructure_encryption_enabled": false,
            "is_hns_enabled": false,
            "large_file_share_enabled": null,
            "location": "eastus",
            "min_tls_version": "TLS1_2",
            "name": "filesmanagermangos",
            "network_rules": [
              {
                "bypass": [
                  "AzureServices"
                ],
                "default_action": "Allow",
                "ip_rules": [],
                "private_link_access": [],
                "virtual_network_subnet_ids": []
              }
            ],
            "nfsv3_enabled": false,
            "primary_access_key": "71ms2t3YFnW7Qu4KllgC1PR5adRZVUhbqKGn7mIXaQI0ZgF7ougQUR0LWhf7icECM98YdV9c2grT+ASt8ZXu+g==",
            "primary_blob_connection_string": "DefaultEndpointsProtocol=https;BlobEndpoint=https://filesmanagermangos.blob.core.windows.net/;AccountName=filesmanagermangos;AccountKey=71ms2t3YFnW7Qu4KllgC1PR5adRZVUhbqKGn7mIXaQI0ZgF7ougQUR0LWhf7icECM98YdV9c2grT+ASt8ZXu+g==",
            "primary_blob_endpoint": "https://filesmanagermangos.blob.core.windows.net/",
            "primary_blob_host": "filesmanagermangos.blob.core.windows.net",
            "primary_connection_string": "DefaultEndpointsProtocol=https;AccountName=filesmanagermangos;AccountKey=71ms2t3YFnW7Qu4KllgC1PR5adRZVUhbqKGn7mIXaQI0ZgF7ougQUR0LWhf7icECM98YdV9c2grT+ASt8ZXu+g==;EndpointSuffix=core.windows.net",
            "primary_dfs_endpoint": "https://filesmanagermangos.dfs.core.windows.net/",
            "primary_dfs_host": "filesmanagermangos.dfs.core.windows.net",
            "primary_file_endpoint": "https://filesmanagermangos.file.core.windows.net/",
            "primary_file_host": "filesmanagermangos.file.core.windows.net",
            "primary_location": "eastus",
            "primary_queue_endpoint": "https://filesmanagermangos.queue.core.windows.net/",
            "primary_queue_host": "filesmanagermangos.queue.core.windows.net",
            "primary_table_endpoint": "https://filesmanagermangos.table.core.windows.net/",
            "primary_table_host": "filesmanagermangos.table.core.windows.net",
            "primary_web_endpoint": "https://filesmanagermangos.z13.web.core.windows.net/",
            "primary_web_host": "filesmanagermangos.z13.web.core.windows.net",
            "public_network_access_enabled": true,
            "queue_encryption_key_type": "Service",
            "queue_properties": [
              {
                "cors_rule": [],
                "hour_metrics": [
                  {
                    "enabled": true,
                    "include_apis": true,
                    "retention_policy_days": 7,
                    "version": "1.0"
                  }
                ],
                "logging": [
                  {
                    "delete": false,
                    "read": false,
                    "retention_policy_days": 0,
                    "version": "1.0",
                    "write": false
                  }
                ],
                "minute_metrics": [
                  {
                    "enabled": false,
                    "include_apis": false,
                    "retention_policy_days": 0,
                    "version": "1.0"
                  }
                ]
              }
            ],
            "resource_group_name": "ic4302-mangos",
            "routing": [],
            "sas_policy": [],
            "secondary_access_key": "3mqK1bR76UkDaCe3J9GcGrKPibjQKhY4EKjv538TCanzL15MEhIQ0w+0547kgtFkmeQMlO89vaGT+AStqXqhKw==",
            "secondary_blob_connection_string": "",
            "secondary_blob_endpoint": null,
            "secondary_blob_host": null,
            "secondary_connection_string": "DefaultEndpointsProtocol=https;AccountName=filesmanagermangos;AccountKey=3mqK1bR76UkDaCe3J9GcGrKPibjQKhY4EKjv538TCanzL15MEhIQ0w+0547kgtFkmeQMlO89vaGT+AStqXqhKw==;EndpointSuffix=core.windows.net",
            "secondary_dfs_endpoint": null,
            "secondary_dfs_host": null,
            "secondary_file_endpoint": null,
            "secondary_file_host": null,
            "secondary_location": "",
            "secondary_queue_endpoint": null,
            "secondary_queue_host": null,
            "secondary_table_endpoint": null,
            "secondary_table_host": null,
            "secondary_web_endpoint": null,
            "secondary_web_host": null,
            "sftp_enabled": false,
            "share_properties": [
              {
                "cors_rule": [],
                "retention_policy": [
                  {
                    "days": 7
                  }
                ],
                "smb": []
              }
            ],
            "shared_access_key_enabled": true,
            "static_website": [],
            "table_encryption_key_type": "Service",
            "tags": null,
            "timeouts": null
          },
          "sensitive_attributes": [],
          "private": "eyJlMmJmYjczMC1lY2FhLTExZTYtOGY4OC0zNDM2M2JjN2M0YzAiOnsiY3JlYXRlIjozNjAwMDAwMDAwMDAwLCJkZWxldGUiOjM2MDAwMDAwMDAwMDAsInJlYWQiOjMwMDAwMDAwMDAwMCwidXBkYXRlIjozNjAwMDAwMDAwMDAwfSwic2NoZW1hX3ZlcnNpb24iOiIzIn0=",
          "dependencies": [
            "azurerm_resource_group.main"
          ]
        }
      ]
    },
    {
      "mode": "managed",
      "type": "azurerm_storage_container",
      "name": "main",
      "provider": "provider[\"registry.terraform.io/hashicorp/azurerm\"]",
      "instances": [
        {
          "schema_version": 1,
          "attributes": {
            "container_access_type": "private",
            "has_immutability_policy": false,
            "has_legal_hold": false,
            "id": "https://filesmanagermangos.blob.core.windows.net/documents",
            "metadata": {},
            "name": "documents",
            "resource_manager_id": "/subscriptions/113649ab-e9fc-4cac-aec5-c6bf81bc0ab2/resourceGroups/ic4302-mangos/providers/Microsoft.Storage/storageAccounts/filesmanagermangos/blobServices/default/containers/documents",
            "storage_account_name": "filesmanagermangos",
            "timeouts": null
          },
          "sensitive_attributes": [],
          "private": "eyJlMmJmYjczMC1lY2FhLTExZTYtOGY4OC0zNDM2M2JjN2M0YzAiOnsiY3JlYXRlIjoxODAwMDAwMDAwMDAwLCJkZWxldGUiOjE4MDAwMDAwMDAwMDAsInJlYWQiOjMwMDAwMDAwMDAwMCwidXBkYXRlIjoxODAwMDAwMDAwMDAwfSwic2NoZW1hX3ZlcnNpb24iOiIxIn0=",
          "dependencies": [
            "azurerm_resource_group.main",
            "azurerm_storage_account.main"
          ]
        }
      ]
    },
    {
      "mode": "managed",
      "type": "azurerm_user_assigned_identity",
      "name": "main",
      "provider": "provider[\"registry.terraform.io/hashicorp/azurerm\"]",
      "instances": [
        {
          "schema_version": 1,
          "attributes": {
            "client_id": "5a33a24f-ddb3-4509-8687-8b88038eaa6d",
            "id": "/subscriptions/113649ab-e9fc-4cac-aec5-c6bf81bc0ab2/resourceGroups/ic4302-mangos/providers/Microsoft.ManagedIdentity/userAssignedIdentities/owneraccess",
            "location": "eastus",
            "name": "owneraccess",
            "principal_id": "f9900b32-d60e-48fe-812d-b7b75f8deb4c",
            "resource_group_name": "ic4302-mangos",
            "tags": null,
            "tenant_id": "bfcf1d9d-93ea-43b1-b902-1daa68a64248",
            "timeouts": null
          },
          "sensitive_attributes": [],
          "private": "eyJlMmJmYjczMC1lY2FhLTExZTYtOGY4OC0zNDM2M2JjN2M0YzAiOnsiY3JlYXRlIjoxODAwMDAwMDAwMDAwLCJkZWxldGUiOjE4MDAwMDAwMDAwMDAsInJlYWQiOjMwMDAwMDAwMDAwMCwidXBkYXRlIjoxODAwMDAwMDAwMDAwfSwic2NoZW1hX3ZlcnNpb24iOiIxIn0=",
          "dependencies": [
            "azurerm_resource_group.main"
          ]
        }
      ]
    }
  ],
  "check_results": null
}
