{
  "version": 4,
  "terraform_version": "1.4.4",
  "serial": 31,
  "lineage": "acd83746-55b7-a9bc-0664-a6fc6ce7add5",
  "outputs": {
    "account_id": {
      "value": "74649a78-aaae-451f-9ebc-b428d07d0312",
      "type": "string"
    },
    "container_fqdn": {
      "value": [
        "main-app.politebush-c6efad18.eastus.azurecontainerapps.io"
      ],
      "type": [
        "list",
        "string"
      ]
    },
    "container_outbound_ip_addresses": {
      "value": [
        "20.241.160.189"
      ],
      "type": [
        "list",
        "string"
      ]
    },
    "container_services_fqdn": {
      "value": "main-mangos.azurewebsites.net",
      "type": "string"
    },
    "container_services_ip_addresses_outbound": {
      "value": [
        "20.246.223.1",
        "20.246.223.10",
        "20.246.223.29",
        "20.246.223.30",
        "20.246.223.59",
        "20.246.223.72",
        "20.253.65.116",
        "20.253.65.121",
        "20.253.65.145",
        "20.253.65.155",
        "20.241.130.12",
        "20.253.65.167",
        "20.119.16.35"
      ],
      "type": [
        "list",
        "string"
      ]
    }
  },
  "resources": [
    {
      "mode": "data",
      "type": "azurerm_client_config",
      "name": "current",
      "provider": "provider[\"registry.terraform.io/hashicorp/azurerm\"]",
      "instances": [
        {
          "schema_version": 0,
          "attributes": {
            "client_id": "04b07795-8ddb-461a-bbee-02f9e1bf7b46",
            "id": "Y2xpZW50Q29uZmlncy9jbGllbnRJZD0wNGIwNzc5NS04ZGRiLTQ2MWEtYmJlZS0wMmY5ZTFiZjdiNDY7b2JqZWN0SWQ9NzQ2NDlhNzgtYWFhZS00NTFmLTllYmMtYjQyOGQwN2QwMzEyO3N1YnNjcmlwdGlvbklkPTViNjc0NTc1LTNmZDUtNDk5OC05MjczLTc3YjQ4OTI1YWFjMTt0ZW5hbnRJZD1iZmNmMWQ5ZC05M2VhLTQzYjEtYjkwMi0xZGFhNjhhNjQyNDg=",
            "object_id": "74649a78-aaae-451f-9ebc-b428d07d0312",
            "subscription_id": "5b674575-3fd5-4998-9273-77b48925aac1",
            "tenant_id": "bfcf1d9d-93ea-43b1-b902-1daa68a64248",
            "timeouts": null
          },
          "sensitive_attributes": []
        }
      ]
    },
    {
      "mode": "data",
      "type": "azurerm_client_config",
      "name": "main",
      "provider": "provider[\"registry.terraform.io/hashicorp/azurerm\"]",
      "instances": [
        {
          "schema_version": 0,
          "attributes": {
            "client_id": "04b07795-8ddb-461a-bbee-02f9e1bf7b46",
            "id": "Y2xpZW50Q29uZmlncy9jbGllbnRJZD0wNGIwNzc5NS04ZGRiLTQ2MWEtYmJlZS0wMmY5ZTFiZjdiNDY7b2JqZWN0SWQ9NzQ2NDlhNzgtYWFhZS00NTFmLTllYmMtYjQyOGQwN2QwMzEyO3N1YnNjcmlwdGlvbklkPTViNjc0NTc1LTNmZDUtNDk5OC05MjczLTc3YjQ4OTI1YWFjMTt0ZW5hbnRJZD1iZmNmMWQ5ZC05M2VhLTQzYjEtYjkwMi0xZGFhNjhhNjQyNDg=",
            "object_id": "74649a78-aaae-451f-9ebc-b428d07d0312",
            "subscription_id": "5b674575-3fd5-4998-9273-77b48925aac1",
            "tenant_id": "bfcf1d9d-93ea-43b1-b902-1daa68a64248",
            "timeouts": null
          },
          "sensitive_attributes": []
        }
      ]
    },
    {
      "mode": "data",
      "type": "azurerm_subscription",
      "name": "main",
      "provider": "provider[\"registry.terraform.io/hashicorp/azurerm\"]",
      "instances": [
        {
          "schema_version": 0,
          "attributes": {
            "display_name": "Azure for Students",
            "id": "/subscriptions/5b674575-3fd5-4998-9273-77b48925aac1",
            "location_placement_id": "Public_2014-09-01",
            "quota_id": "AzureForStudents_2018-01-01",
            "spending_limit": "On",
            "state": "Enabled",
            "subscription_id": "5b674575-3fd5-4998-9273-77b48925aac1",
            "tags": {},
            "tenant_id": "bfcf1d9d-93ea-43b1-b902-1daa68a64248",
            "timeouts": null
          },
          "sensitive_attributes": []
        }
      ]
    },
    {
      "mode": "managed",
      "type": "azurerm_container_app",
      "name": "main",
      "provider": "provider[\"registry.terraform.io/hashicorp/azurerm\"]",
      "instances": [
        {
          "schema_version": 0,
          "attributes": {
            "container_app_environment_id": "/subscriptions/5b674575-3fd5-4998-9273-77b48925aac1/resourceGroups/ic4302-mangos/providers/Microsoft.App/managedEnvironments/main",
            "custom_domain_verification_id": "E74C138CA28FA247908DC1EAE9D947265FF407049F918EBA32C812ACCACA4167",
            "dapr": [],
            "id": "/subscriptions/5b674575-3fd5-4998-9273-77b48925aac1/resourceGroups/ic4302-mangos/providers/Microsoft.App/containerApps/main-app",
            "identity": [
              {
                "identity_ids": [
                  "/subscriptions/5b674575-3fd5-4998-9273-77b48925aac1/resourceGroups/ic4302-mangos/providers/Microsoft.ManagedIdentity/userAssignedIdentities/owneraccess"
                ],
                "principal_id": "",
                "tenant_id": "",
                "type": "UserAssigned"
              }
            ],
            "ingress": [
              {
                "allow_insecure_connections": true,
                "custom_domain": [],
                "external_enabled": true,
                "fqdn": "main-app.politebush-c6efad18.eastus.azurecontainerapps.io",
                "target_port": 5000,
                "traffic_weight": [
                  {
                    "label": "",
                    "latest_revision": true,
                    "percentage": 100,
                    "revision_suffix": ""
                  }
                ],
                "transport": "auto"
              }
            ],
            "latest_revision_fqdn": "main-app--95zelov.politebush-c6efad18.eastus.azurecontainerapps.io",
            "latest_revision_name": "main-app--95zelov",
            "location": "eastus",
            "name": "main-app",
            "outbound_ip_addresses": [
              "20.241.160.189"
            ],
            "registry": [],
            "resource_group_name": "ic4302-mangos",
            "revision_mode": "Single",
            "secret": [],
            "tags": null,
            "template": [
              {
                "container": [
                  {
                    "args": null,
                    "command": null,
                    "cpu": 0.25,
                    "env": [
                      {
                        "name": "ENV1",
                        "secret_name": "",
                        "value": "VAL1"
                      },
                      {
                        "name": "ENV2",
                        "secret_name": "",
                        "value": "VAL2"
                      }
                    ],
                    "ephemeral_storage": "1Gi",
                    "image": "docker.io/isaac4918/mangos-api:latest",
                    "liveness_probe": [],
                    "memory": "0.5Gi",
                    "name": "api-demo",
                    "readiness_probe": [],
                    "startup_probe": [],
                    "volume_mounts": []
                  }
                ],
                "max_replicas": 10,
                "min_replicas": 0,
                "revision_suffix": "",
                "volume": []
              }
            ],
            "timeouts": null
          },
          "sensitive_attributes": [],
          "private": "eyJlMmJmYjczMC1lY2FhLTExZTYtOGY4OC0zNDM2M2JjN2M0YzAiOnsiY3JlYXRlIjoxODAwMDAwMDAwMDAwLCJkZWxldGUiOjE4MDAwMDAwMDAwMDAsInJlYWQiOjMwMDAwMDAwMDAwMCwidXBkYXRlIjoxODAwMDAwMDAwMDAwfX0=",
          "dependencies": [
            "azurerm_container_app_environment.main",
            "azurerm_log_analytics_workspace.main",
            "azurerm_resource_group.main",
            "azurerm_user_assigned_identity.main"
          ]
        }
      ]
    },
    {
      "mode": "managed",
      "type": "azurerm_container_app_environment",
      "name": "main",
      "provider": "provider[\"registry.terraform.io/hashicorp/azurerm\"]",
      "instances": [
        {
          "schema_version": 0,
          "attributes": {
            "default_domain": "politebush-c6efad18.eastus.azurecontainerapps.io",
            "docker_bridge_cidr": "",
            "id": "/subscriptions/5b674575-3fd5-4998-9273-77b48925aac1/resourceGroups/ic4302-mangos/providers/Microsoft.App/managedEnvironments/main",
            "infrastructure_subnet_id": "",
            "internal_load_balancer_enabled": false,
            "location": "eastus",
            "log_analytics_workspace_id": "/subscriptions/5b674575-3fd5-4998-9273-77b48925aac1/resourceGroups/ic4302-mangos/providers/Microsoft.OperationalInsights/workspaces/main-app",
            "name": "main",
            "platform_reserved_cidr": "",
            "platform_reserved_dns_ip_address": "",
            "resource_group_name": "ic4302-mangos",
            "static_ip_address": "20.121.104.66",
            "tags": null,
            "timeouts": null
          },
          "sensitive_attributes": [],
          "private": "eyJlMmJmYjczMC1lY2FhLTExZTYtOGY4OC0zNDM2M2JjN2M0YzAiOnsiY3JlYXRlIjoxODAwMDAwMDAwMDAwLCJkZWxldGUiOjE4MDAwMDAwMDAwMDAsInJlYWQiOjMwMDAwMDAwMDAwMCwidXBkYXRlIjoxODAwMDAwMDAwMDAwfX0=",
          "dependencies": [
            "azurerm_log_analytics_workspace.main",
            "azurerm_resource_group.main"
          ]
        }
      ]
    },
    {
      "mode": "managed",
      "type": "azurerm_linux_web_app",
      "name": "main",
      "provider": "provider[\"registry.terraform.io/hashicorp/azurerm\"]",
      "instances": [
        {
          "schema_version": 0,
          "attributes": {
            "app_settings": {
              "AZURE_CLIENT_ID": "29f97e3c-996f-4ba1-bf8b-2194eb65a992",
              "WEBSITES_ENABLE_APP_SERVICE_STORAGE": "false"
            },
            "auth_settings": [],
            "auth_settings_v2": [],
            "backup": [],
            "client_affinity_enabled": false,
            "client_certificate_enabled": false,
            "client_certificate_exclusion_paths": "",
            "client_certificate_mode": "Required",
            "connection_string": [],
            "custom_domain_verification_id": "E74C138CA28FA247908DC1EAE9D947265FF407049F918EBA32C812ACCACA4167",
            "default_hostname": "main-mangos.azurewebsites.net",
            "enabled": true,
            "https_only": false,
            "id": "/subscriptions/5b674575-3fd5-4998-9273-77b48925aac1/resourceGroups/ic4302-mangos/providers/Microsoft.Web/sites/main-mangos",
            "identity": [
              {
                "identity_ids": [
                  "/subscriptions/5b674575-3fd5-4998-9273-77b48925aac1/resourceGroups/ic4302-mangos/providers/Microsoft.ManagedIdentity/userAssignedIdentities/owneraccess"
                ],
                "principal_id": "",
                "tenant_id": "",
                "type": "UserAssigned"
              }
            ],
            "key_vault_reference_identity_id": "SystemAssigned",
            "kind": "app,linux,container",
            "location": "eastus",
            "logs": [],
            "name": "main-mangos",
            "outbound_ip_address_list": [
              "20.246.223.1",
              "20.246.223.10",
              "20.246.223.29",
              "20.246.223.30",
              "20.246.223.59",
              "20.246.223.72",
              "20.253.65.116",
              "20.253.65.121",
              "20.253.65.145",
              "20.253.65.155",
              "20.241.130.12",
              "20.253.65.167",
              "20.119.16.35"
            ],
            "outbound_ip_addresses": "20.246.223.1,20.246.223.10,20.246.223.29,20.246.223.30,20.246.223.59,20.246.223.72,20.253.65.116,20.253.65.121,20.253.65.145,20.253.65.155,20.241.130.12,20.253.65.167,20.119.16.35",
            "possible_outbound_ip_address_list": [
              "20.246.223.1",
              "20.246.223.10",
              "20.246.223.29",
              "20.246.223.30",
              "20.246.223.59",
              "20.246.223.72",
              "20.253.65.116",
              "20.253.65.121",
              "20.253.65.145",
              "20.253.65.155",
              "20.241.130.12",
              "20.253.65.167",
              "20.253.65.175",
              "20.253.65.177",
              "20.253.65.194",
              "20.253.65.213",
              "20.253.65.252",
              "20.253.65.147",
              "20.253.66.3",
              "20.253.66.6",
              "20.253.66.13",
              "20.253.66.44",
              "20.253.66.52",
              "20.253.66.54",
              "20.246.223.1",
              "20.246.223.10",
              "20.246.223.29",
              "20.246.223.30",
              "20.246.223.59",
              "20.246.223.72",
              "20.253.66.69",
              "20.253.66.84",
              "20.253.66.87",
              "20.253.66.88",
              "20.253.66.99",
              "20.253.66.118",
              "20.119.16.35"
            ],
            "possible_outbound_ip_addresses": "20.246.223.1,20.246.223.10,20.246.223.29,20.246.223.30,20.246.223.59,20.246.223.72,20.253.65.116,20.253.65.121,20.253.65.145,20.253.65.155,20.241.130.12,20.253.65.167,20.253.65.175,20.253.65.177,20.253.65.194,20.253.65.213,20.253.65.252,20.253.65.147,20.253.66.3,20.253.66.6,20.253.66.13,20.253.66.44,20.253.66.52,20.253.66.54,20.246.223.1,20.246.223.10,20.246.223.29,20.246.223.30,20.246.223.59,20.246.223.72,20.253.66.69,20.253.66.84,20.253.66.87,20.253.66.88,20.253.66.99,20.253.66.118,20.119.16.35",
            "resource_group_name": "ic4302-mangos",
            "service_plan_id": "/subscriptions/5b674575-3fd5-4998-9273-77b48925aac1/resourceGroups/ic4302-mangos/providers/Microsoft.Web/serverfarms/main-mangos",
            "site_config": [
              {
                "always_on": true,
                "api_definition_url": "",
                "api_management_api_id": "",
                "app_command_line": "",
                "application_stack": [
                  {
                    "docker_image": "docker.io/nereo08/blobapi",
                    "docker_image_tag": "latest",
                    "dotnet_version": "",
                    "go_version": "",
                    "java_server": "",
                    "java_server_version": "",
                    "java_version": "",
                    "node_version": "",
                    "php_version": "",
                    "python_version": "",
                    "ruby_version": ""
                  }
                ],
                "auto_heal_enabled": false,
                "auto_heal_setting": [],
                "container_registry_managed_identity_client_id": "",
                "container_registry_use_managed_identity": false,
                "cors": [],
                "default_documents": [
                  "Default.htm",
                  "Default.html",
                  "Default.asp",
                  "index.htm",
                  "index.html",
                  "iisstart.htm",
                  "default.aspx",
                  "index.php",
                  "hostingstart.html"
                ],
                "detailed_error_logging_enabled": false,
                "ftps_state": "Disabled",
                "health_check_eviction_time_in_min": 0,
                "health_check_path": "",
                "http2_enabled": false,
                "ip_restriction": [],
                "linux_fx_version": "DOCKER|docker.io/nereo08/blobapi:latest",
                "load_balancing_mode": "LeastRequests",
                "local_mysql_enabled": false,
                "managed_pipeline_mode": "Integrated",
                "minimum_tls_version": "1.2",
                "remote_debugging_enabled": false,
                "remote_debugging_version": "VS2019",
                "scm_ip_restriction": [],
                "scm_minimum_tls_version": "1.2",
                "scm_type": "None",
                "scm_use_main_ip_restriction": false,
                "use_32_bit_worker": true,
                "vnet_route_all_enabled": false,
                "websockets_enabled": false,
                "worker_count": 1
              }
            ],
            "site_credential": [
              {
                "name": "$main-mangos",
                "password": "h9brCyiufakCWFGvBW74zeWdncEHboEaBAsyWH38p45AqPo1BCAcXeBaDkd5"
              }
            ],
            "sticky_settings": [],
            "storage_account": [],
            "tags": null,
            "timeouts": null,
            "virtual_network_subnet_id": "",
            "zip_deploy_file": ""
          },
          "sensitive_attributes": [],
          "private": "eyJlMmJmYjczMC1lY2FhLTExZTYtOGY4OC0zNDM2M2JjN2M0YzAiOnsiY3JlYXRlIjoxODAwMDAwMDAwMDAwLCJkZWxldGUiOjE4MDAwMDAwMDAwMDAsInJlYWQiOjMwMDAwMDAwMDAwMCwidXBkYXRlIjoxODAwMDAwMDAwMDAwfX0=",
          "dependencies": [
            "azurerm_resource_group.main",
            "azurerm_service_plan.main",
            "azurerm_user_assigned_identity.main"
          ]
        }
      ]
    },
    {
      "mode": "managed",
      "type": "azurerm_log_analytics_workspace",
      "name": "main",
      "provider": "provider[\"registry.terraform.io/hashicorp/azurerm\"]",
      "instances": [
        {
          "schema_version": 3,
          "attributes": {
            "allow_resource_only_permissions": true,
            "cmk_for_query_forced": false,
            "daily_quota_gb": -1,
            "id": "/subscriptions/5b674575-3fd5-4998-9273-77b48925aac1/resourceGroups/ic4302-mangos/providers/Microsoft.OperationalInsights/workspaces/main-app",
            "internet_ingestion_enabled": true,
            "internet_query_enabled": true,
            "local_authentication_disabled": false,
            "location": "eastus",
            "name": "main-app",
            "primary_shared_key": "r1I2mfkKUfSdfzFYARMlEHFgU4WPg67J6yzUyrngv2fuTca3mwr1e8R2X/t8ew396cqRgRvTw4tZx/z4Ujp2bA==",
            "reservation_capacity_in_gb_per_day": null,
            "resource_group_name": "ic4302-mangos",
            "retention_in_days": 30,
            "secondary_shared_key": "Sz/m2oxA8KSZk/ygMco86BXJsGVvLUTcGcI9K0+OmgGtJzm8NtJRXPBj/wXg0zY9710cS4wWnVOwx3WZWeYVsw==",
            "sku": "PerGB2018",
            "tags": null,
            "timeouts": null,
            "workspace_id": "e2d85be7-37ae-4232-a87f-33d29e27d610"
          },
          "sensitive_attributes": [],
          "private": "eyJlMmJmYjczMC1lY2FhLTExZTYtOGY4OC0zNDM2M2JjN2M0YzAiOnsiY3JlYXRlIjoxODAwMDAwMDAwMDAwLCJkZWxldGUiOjE4MDAwMDAwMDAwMDAsInJlYWQiOjMwMDAwMDAwMDAwMCwidXBkYXRlIjoxODAwMDAwMDAwMDAwfSwic2NoZW1hX3ZlcnNpb24iOiIzIn0=",
          "dependencies": [
            "azurerm_resource_group.main"
          ]
        }
      ]
    },
    {
      "mode": "managed",
      "type": "azurerm_resource_group",
      "name": "main",
      "provider": "provider[\"registry.terraform.io/hashicorp/azurerm\"]",
      "instances": [
        {
          "schema_version": 0,
          "attributes": {
            "id": "/subscriptions/5b674575-3fd5-4998-9273-77b48925aac1/resourceGroups/ic4302-mangos",
            "location": "eastus",
            "name": "ic4302-mangos",
            "tags": {},
            "timeouts": null
          },
          "sensitive_attributes": [],
          "private": "eyJlMmJmYjczMC1lY2FhLTExZTYtOGY4OC0zNDM2M2JjN2M0YzAiOnsiY3JlYXRlIjo1NDAwMDAwMDAwMDAwLCJkZWxldGUiOjU0MDAwMDAwMDAwMDAsInJlYWQiOjMwMDAwMDAwMDAwMCwidXBkYXRlIjo1NDAwMDAwMDAwMDAwfX0="
        }
      ]
    },
    {
      "mode": "managed",
      "type": "azurerm_role_assignment",
      "name": "main",
      "provider": "provider[\"registry.terraform.io/hashicorp/azurerm\"]",
      "instances": [
        {
          "schema_version": 0,
          "attributes": {
            "condition": "",
            "condition_version": "",
            "delegated_managed_identity_resource_id": "",
            "description": "",
            "id": "/subscriptions/5b674575-3fd5-4998-9273-77b48925aac1/providers/Microsoft.Authorization/roleAssignments/1f6c4a8d-ae9a-c9d2-9e81-3cc305a842a4",
            "name": "1f6c4a8d-ae9a-c9d2-9e81-3cc305a842a4",
            "principal_id": "bd2ca700-42bd-4b86-96d7-4423305ba92d",
            "principal_type": "ServicePrincipal",
            "role_definition_id": "/subscriptions/5b674575-3fd5-4998-9273-77b48925aac1/providers/Microsoft.Authorization/roleDefinitions/8e3af657-a8ff-443c-a75c-2fe8c4bcb635",
            "role_definition_name": "Owner",
            "scope": "/subscriptions/5b674575-3fd5-4998-9273-77b48925aac1",
            "skip_service_principal_aad_check": null,
            "timeouts": null
          },
          "sensitive_attributes": [],
          "private": "eyJlMmJmYjczMC1lY2FhLTExZTYtOGY4OC0zNDM2M2JjN2M0YzAiOnsiY3JlYXRlIjoxODAwMDAwMDAwMDAwLCJkZWxldGUiOjE4MDAwMDAwMDAwMDAsInJlYWQiOjMwMDAwMDAwMDAwMCwidXBkYXRlIjoxODAwMDAwMDAwMDAwfX0=",
          "dependencies": [
            "azurerm_resource_group.main",
            "azurerm_user_assigned_identity.main",
            "data.azurerm_subscription.main"
          ]
        }
      ]
    },
    {
      "mode": "managed",
      "type": "azurerm_role_assignment",
      "name": "storage_blob_data_contributor",
      "provider": "provider[\"registry.terraform.io/hashicorp/azurerm\"]",
      "instances": [
        {
          "schema_version": 0,
          "attributes": {
            "condition": "",
            "condition_version": "",
            "delegated_managed_identity_resource_id": "",
            "description": "",
            "id": "/subscriptions/5b674575-3fd5-4998-9273-77b48925aac1/providers/Microsoft.Authorization/roleAssignments/1d9ec47a-fb26-781b-c5d6-a2d5370f7ed4",
            "name": "1d9ec47a-fb26-781b-c5d6-a2d5370f7ed4",
            "principal_id": "bd2ca700-42bd-4b86-96d7-4423305ba92d",
            "principal_type": "ServicePrincipal",
            "role_definition_id": "/subscriptions/5b674575-3fd5-4998-9273-77b48925aac1/providers/Microsoft.Authorization/roleDefinitions/ba92f5b4-2d11-453d-a403-e96b0029c9fe",
            "role_definition_name": "Storage Blob Data Contributor",
            "scope": "/subscriptions/5b674575-3fd5-4998-9273-77b48925aac1",
            "skip_service_principal_aad_check": null,
            "timeouts": null
          },
          "sensitive_attributes": [],
          "private": "eyJlMmJmYjczMC1lY2FhLTExZTYtOGY4OC0zNDM2M2JjN2M0YzAiOnsiY3JlYXRlIjoxODAwMDAwMDAwMDAwLCJkZWxldGUiOjE4MDAwMDAwMDAwMDAsInJlYWQiOjMwMDAwMDAwMDAwMCwidXBkYXRlIjoxODAwMDAwMDAwMDAwfX0=",
          "dependencies": [
            "azurerm_resource_group.main",
            "azurerm_user_assigned_identity.main",
            "data.azurerm_subscription.main"
          ]
        }
      ]
    },
    {
      "mode": "managed",
      "type": "azurerm_role_assignment",
      "name": "storage_blob_data_contributor_user",
      "provider": "provider[\"registry.terraform.io/hashicorp/azurerm\"]",
      "instances": [
        {
          "schema_version": 0,
          "attributes": {
            "condition": "",
            "condition_version": "",
            "delegated_managed_identity_resource_id": "",
            "description": "",
            "id": "/subscriptions/5b674575-3fd5-4998-9273-77b48925aac1/providers/Microsoft.Authorization/roleAssignments/a6b4604d-1468-e154-ae25-a6f03ff5da23",
            "name": "a6b4604d-1468-e154-ae25-a6f03ff5da23",
            "principal_id": "74649a78-aaae-451f-9ebc-b428d07d0312",
            "principal_type": "User",
            "role_definition_id": "/subscriptions/5b674575-3fd5-4998-9273-77b48925aac1/providers/Microsoft.Authorization/roleDefinitions/ba92f5b4-2d11-453d-a403-e96b0029c9fe",
            "role_definition_name": "Storage Blob Data Contributor",
            "scope": "/subscriptions/5b674575-3fd5-4998-9273-77b48925aac1",
            "skip_service_principal_aad_check": null,
            "timeouts": null
          },
          "sensitive_attributes": [],
          "private": "eyJlMmJmYjczMC1lY2FhLTExZTYtOGY4OC0zNDM2M2JjN2M0YzAiOnsiY3JlYXRlIjoxODAwMDAwMDAwMDAwLCJkZWxldGUiOjE4MDAwMDAwMDAwMDAsInJlYWQiOjMwMDAwMDAwMDAwMCwidXBkYXRlIjoxODAwMDAwMDAwMDAwfX0=",
          "dependencies": [
            "data.azurerm_client_config.current",
            "data.azurerm_subscription.main"
          ]
        }
      ]
    },
    {
      "mode": "managed",
      "type": "azurerm_role_assignment",
      "name": "storage_queue_data_contributor",
      "provider": "provider[\"registry.terraform.io/hashicorp/azurerm\"]",
      "instances": [
        {
          "schema_version": 0,
          "attributes": {
            "condition": "",
            "condition_version": "",
            "delegated_managed_identity_resource_id": "",
            "description": "",
            "id": "/subscriptions/5b674575-3fd5-4998-9273-77b48925aac1/providers/Microsoft.Authorization/roleAssignments/0e5b7ebb-b60f-f5d0-be5b-c567cd125417",
            "name": "0e5b7ebb-b60f-f5d0-be5b-c567cd125417",
            "principal_id": "bd2ca700-42bd-4b86-96d7-4423305ba92d",
            "principal_type": "ServicePrincipal",
            "role_definition_id": "/subscriptions/5b674575-3fd5-4998-9273-77b48925aac1/providers/Microsoft.Authorization/roleDefinitions/974c5e8b-45b9-4653-ba55-5f855dd0fb88",
            "role_definition_name": "Storage Queue Data Contributor",
            "scope": "/subscriptions/5b674575-3fd5-4998-9273-77b48925aac1",
            "skip_service_principal_aad_check": null,
            "timeouts": null
          },
          "sensitive_attributes": [],
          "private": "eyJlMmJmYjczMC1lY2FhLTExZTYtOGY4OC0zNDM2M2JjN2M0YzAiOnsiY3JlYXRlIjoxODAwMDAwMDAwMDAwLCJkZWxldGUiOjE4MDAwMDAwMDAwMDAsInJlYWQiOjMwMDAwMDAwMDAwMCwidXBkYXRlIjoxODAwMDAwMDAwMDAwfX0=",
          "dependencies": [
            "azurerm_resource_group.main",
            "azurerm_user_assigned_identity.main",
            "data.azurerm_subscription.main"
          ]
        }
      ]
    },
    {
      "mode": "managed",
      "type": "azurerm_role_assignment",
      "name": "storage_queue_data_contributor_user",
      "provider": "provider[\"registry.terraform.io/hashicorp/azurerm\"]",
      "instances": [
        {
          "schema_version": 0,
          "attributes": {
            "condition": "",
            "condition_version": "",
            "delegated_managed_identity_resource_id": "",
            "description": "",
            "id": "/subscriptions/5b674575-3fd5-4998-9273-77b48925aac1/providers/Microsoft.Authorization/roleAssignments/26693ae1-f1c4-546d-1b86-aab48f483a07",
            "name": "26693ae1-f1c4-546d-1b86-aab48f483a07",
            "principal_id": "74649a78-aaae-451f-9ebc-b428d07d0312",
            "principal_type": "User",
            "role_definition_id": "/subscriptions/5b674575-3fd5-4998-9273-77b48925aac1/providers/Microsoft.Authorization/roleDefinitions/974c5e8b-45b9-4653-ba55-5f855dd0fb88",
            "role_definition_name": "Storage Queue Data Contributor",
            "scope": "/subscriptions/5b674575-3fd5-4998-9273-77b48925aac1",
            "skip_service_principal_aad_check": null,
            "timeouts": null
          },
          "sensitive_attributes": [],
          "private": "eyJlMmJmYjczMC1lY2FhLTExZTYtOGY4OC0zNDM2M2JjN2M0YzAiOnsiY3JlYXRlIjoxODAwMDAwMDAwMDAwLCJkZWxldGUiOjE4MDAwMDAwMDAwMDAsInJlYWQiOjMwMDAwMDAwMDAwMCwidXBkYXRlIjoxODAwMDAwMDAwMDAwfX0=",
          "dependencies": [
            "data.azurerm_client_config.current",
            "data.azurerm_subscription.main"
          ]
        }
      ]
    },
    {
      "mode": "managed",
      "type": "azurerm_service_plan",
      "name": "main",
      "provider": "provider[\"registry.terraform.io/hashicorp/azurerm\"]",
      "instances": [
        {
          "schema_version": 0,
          "attributes": {
            "app_service_environment_id": "",
            "id": "/subscriptions/5b674575-3fd5-4998-9273-77b48925aac1/resourceGroups/ic4302-mangos/providers/Microsoft.Web/serverfarms/main-mangos",
            "kind": "linux",
            "location": "eastus",
            "maximum_elastic_worker_count": 1,
            "name": "main-mangos",
            "os_type": "Linux",
            "per_site_scaling_enabled": false,
            "reserved": true,
            "resource_group_name": "ic4302-mangos",
            "sku_name": "S1",
            "tags": null,
            "timeouts": null,
            "worker_count": 1,
            "zone_balancing_enabled": false
          },
          "sensitive_attributes": [],
          "private": "eyJlMmJmYjczMC1lY2FhLTExZTYtOGY4OC0zNDM2M2JjN2M0YzAiOnsiY3JlYXRlIjozNjAwMDAwMDAwMDAwLCJkZWxldGUiOjM2MDAwMDAwMDAwMDAsInJlYWQiOjMwMDAwMDAwMDAwMCwidXBkYXRlIjozNjAwMDAwMDAwMDAwfX0=",
          "dependencies": [
            "azurerm_resource_group.main"
          ]
        }
      ]
    },
    {
      "mode": "managed",
      "type": "azurerm_storage_account",
      "name": "main",
      "provider": "provider[\"registry.terraform.io/hashicorp/azurerm\"]",
      "instances": [
        {
          "schema_version": 3,
          "attributes": {
            "access_tier": "Hot",
            "account_kind": "StorageV2",
            "account_replication_type": "LRS",
            "account_tier": "Standard",
            "allow_nested_items_to_be_public": true,
            "allowed_copy_scope": "",
            "azure_files_authentication": [],
            "blob_properties": [
              {
                "change_feed_enabled": false,
                "change_feed_retention_in_days": 0,
                "container_delete_retention_policy": [],
                "cors_rule": [],
                "default_service_version": "",
                "delete_retention_policy": [],
                "last_access_time_enabled": false,
                "restore_policy": [],
                "versioning_enabled": false
              }
            ],
            "cross_tenant_replication_enabled": true,
            "custom_domain": [],
            "customer_managed_key": [],
            "default_to_oauth_authentication": false,
            "edge_zone": "",
            "enable_https_traffic_only": true,
            "id": "/subscriptions/5b674575-3fd5-4998-9273-77b48925aac1/resourceGroups/ic4302-mangos/providers/Microsoft.Storage/storageAccounts/filesmanagermangos",
            "identity": [],
            "immutability_policy": [],
            "infrastructure_encryption_enabled": false,
            "is_hns_enabled": false,
            "large_file_share_enabled": null,
            "location": "eastus",
            "min_tls_version": "TLS1_2",
            "name": "filesmanagermangos",
            "network_rules": [
              {
                "bypass": [
                  "AzureServices"
                ],
                "default_action": "Allow",
                "ip_rules": [],
                "private_link_access": [],
                "virtual_network_subnet_ids": []
              }
            ],
            "nfsv3_enabled": false,
            "primary_access_key": "KzcNb8ePMdcwCm5gO8/DJc9nY6fngiXFETmDtcdgBfoUPSo+/BowwJxxSdjVx8n0Trh72v9k/yrb+AStjPineQ==",
            "primary_blob_connection_string": "DefaultEndpointsProtocol=https;BlobEndpoint=https://filesmanagermangos.blob.core.windows.net/;AccountName=filesmanagermangos;AccountKey=KzcNb8ePMdcwCm5gO8/DJc9nY6fngiXFETmDtcdgBfoUPSo+/BowwJxxSdjVx8n0Trh72v9k/yrb+AStjPineQ==",
            "primary_blob_endpoint": "https://filesmanagermangos.blob.core.windows.net/",
            "primary_blob_host": "filesmanagermangos.blob.core.windows.net",
            "primary_connection_string": "DefaultEndpointsProtocol=https;AccountName=filesmanagermangos;AccountKey=KzcNb8ePMdcwCm5gO8/DJc9nY6fngiXFETmDtcdgBfoUPSo+/BowwJxxSdjVx8n0Trh72v9k/yrb+AStjPineQ==;EndpointSuffix=core.windows.net",
            "primary_dfs_endpoint": "https://filesmanagermangos.dfs.core.windows.net/",
            "primary_dfs_host": "filesmanagermangos.dfs.core.windows.net",
            "primary_file_endpoint": "https://filesmanagermangos.file.core.windows.net/",
            "primary_file_host": "filesmanagermangos.file.core.windows.net",
            "primary_location": "eastus",
            "primary_queue_endpoint": "https://filesmanagermangos.queue.core.windows.net/",
            "primary_queue_host": "filesmanagermangos.queue.core.windows.net",
            "primary_table_endpoint": "https://filesmanagermangos.table.core.windows.net/",
            "primary_table_host": "filesmanagermangos.table.core.windows.net",
            "primary_web_endpoint": "https://filesmanagermangos.z13.web.core.windows.net/",
            "primary_web_host": "filesmanagermangos.z13.web.core.windows.net",
            "public_network_access_enabled": true,
            "queue_encryption_key_type": "Service",
            "queue_properties": [
              {
                "cors_rule": [],
                "hour_metrics": [
                  {
                    "enabled": true,
                    "include_apis": true,
                    "retention_policy_days": 7,
                    "version": "1.0"
                  }
                ],
                "logging": [
                  {
                    "delete": false,
                    "read": false,
                    "retention_policy_days": 0,
                    "version": "1.0",
                    "write": false
                  }
                ],
                "minute_metrics": [
                  {
                    "enabled": false,
                    "include_apis": false,
                    "retention_policy_days": 0,
                    "version": "1.0"
                  }
                ]
              }
            ],
            "resource_group_name": "ic4302-mangos",
            "routing": [],
            "sas_policy": [],
            "secondary_access_key": "lbS4voSW5q5coIumtsakXJYPB5JfT/Qoxaonu5ZalehIeOxHYP810Bn4mEvhLg+g3RPWKdVR12j0+AStLKM11A==",
            "secondary_blob_connection_string": "",
            "secondary_blob_endpoint": null,
            "secondary_blob_host": null,
            "secondary_connection_string": "DefaultEndpointsProtocol=https;AccountName=filesmanagermangos;AccountKey=lbS4voSW5q5coIumtsakXJYPB5JfT/Qoxaonu5ZalehIeOxHYP810Bn4mEvhLg+g3RPWKdVR12j0+AStLKM11A==;EndpointSuffix=core.windows.net",
            "secondary_dfs_endpoint": null,
            "secondary_dfs_host": null,
            "secondary_file_endpoint": null,
            "secondary_file_host": null,
            "secondary_location": "",
            "secondary_queue_endpoint": null,
            "secondary_queue_host": null,
            "secondary_table_endpoint": null,
            "secondary_table_host": null,
            "secondary_web_endpoint": null,
            "secondary_web_host": null,
            "sftp_enabled": false,
            "share_properties": [
              {
                "cors_rule": [],
                "retention_policy": [
                  {
                    "days": 7
                  }
                ],
                "smb": []
              }
            ],
            "shared_access_key_enabled": true,
            "static_website": [],
            "table_encryption_key_type": "Service",
            "tags": null,
            "timeouts": null
          },
          "sensitive_attributes": [],
          "private": "eyJlMmJmYjczMC1lY2FhLTExZTYtOGY4OC0zNDM2M2JjN2M0YzAiOnsiY3JlYXRlIjozNjAwMDAwMDAwMDAwLCJkZWxldGUiOjM2MDAwMDAwMDAwMDAsInJlYWQiOjMwMDAwMDAwMDAwMCwidXBkYXRlIjozNjAwMDAwMDAwMDAwfSwic2NoZW1hX3ZlcnNpb24iOiIzIn0=",
          "dependencies": [
            "azurerm_resource_group.main"
          ]
        }
      ]
    },
    {
      "mode": "managed",
      "type": "azurerm_storage_container",
      "name": "main",
      "provider": "provider[\"registry.terraform.io/hashicorp/azurerm\"]",
      "instances": [
        {
          "schema_version": 1,
          "attributes": {
            "container_access_type": "private",
            "has_immutability_policy": false,
            "has_legal_hold": false,
            "id": "https://filesmanagermangos.blob.core.windows.net/documents",
            "metadata": {},
            "name": "documents",
            "resource_manager_id": "/subscriptions/5b674575-3fd5-4998-9273-77b48925aac1/resourceGroups/ic4302-mangos/providers/Microsoft.Storage/storageAccounts/filesmanagermangos/blobServices/default/containers/documents",
            "storage_account_name": "filesmanagermangos",
            "timeouts": null
          },
          "sensitive_attributes": [],
          "private": "eyJlMmJmYjczMC1lY2FhLTExZTYtOGY4OC0zNDM2M2JjN2M0YzAiOnsiY3JlYXRlIjoxODAwMDAwMDAwMDAwLCJkZWxldGUiOjE4MDAwMDAwMDAwMDAsInJlYWQiOjMwMDAwMDAwMDAwMCwidXBkYXRlIjoxODAwMDAwMDAwMDAwfSwic2NoZW1hX3ZlcnNpb24iOiIxIn0=",
          "dependencies": [
            "azurerm_resource_group.main",
            "azurerm_storage_account.main"
          ]
        }
      ]
    },
    {
      "mode": "managed",
      "type": "azurerm_user_assigned_identity",
      "name": "main",
      "provider": "provider[\"registry.terraform.io/hashicorp/azurerm\"]",
      "instances": [
        {
          "schema_version": 1,
          "attributes": {
            "client_id": "29f97e3c-996f-4ba1-bf8b-2194eb65a992",
            "id": "/subscriptions/5b674575-3fd5-4998-9273-77b48925aac1/resourceGroups/ic4302-mangos/providers/Microsoft.ManagedIdentity/userAssignedIdentities/owneraccess",
            "location": "eastus",
            "name": "owneraccess",
            "principal_id": "bd2ca700-42bd-4b86-96d7-4423305ba92d",
            "resource_group_name": "ic4302-mangos",
            "tags": null,
            "tenant_id": "bfcf1d9d-93ea-43b1-b902-1daa68a64248",
            "timeouts": null
          },
          "sensitive_attributes": [],
          "private": "eyJlMmJmYjczMC1lY2FhLTExZTYtOGY4OC0zNDM2M2JjN2M0YzAiOnsiY3JlYXRlIjoxODAwMDAwMDAwMDAwLCJkZWxldGUiOjE4MDAwMDAwMDAwMDAsInJlYWQiOjMwMDAwMDAwMDAwMCwidXBkYXRlIjoxODAwMDAwMDAwMDAwfSwic2NoZW1hX3ZlcnNpb24iOiIxIn0=",
          "dependencies": [
            "azurerm_resource_group.main"
          ]
        }
      ]
    }
  ],
  "check_results": null
}
