{
  "version": 4,
  "terraform_version": "1.4.4",
  "serial": 16,
  "lineage": "acd83746-55b7-a9bc-0664-a6fc6ce7add5",
  "outputs": {
    "account_id": {
      "value": "74649a78-aaae-451f-9ebc-b428d07d0312",
      "type": "string"
    },
    "container_fqdn": {
      "value": [
        "main-app.bluerock-1d0bf8ee.eastus.azurecontainerapps.io"
      ],
      "type": [
        "list",
        "string"
      ]
    },
    "container_outbound_ip_addresses": {
      "value": [
        "20.232.223.158"
      ],
      "type": [
        "list",
        "string"
      ]
    }
  },
  "resources": [
    {
      "mode": "data",
      "type": "azurerm_client_config",
      "name": "current",
      "provider": "provider[\"registry.terraform.io/hashicorp/azurerm\"]",
      "instances": [
        {
          "schema_version": 0,
          "attributes": {
            "client_id": "04b07795-8ddb-461a-bbee-02f9e1bf7b46",
            "id": "Y2xpZW50Q29uZmlncy9jbGllbnRJZD0wNGIwNzc5NS04ZGRiLTQ2MWEtYmJlZS0wMmY5ZTFiZjdiNDY7b2JqZWN0SWQ9NzQ2NDlhNzgtYWFhZS00NTFmLTllYmMtYjQyOGQwN2QwMzEyO3N1YnNjcmlwdGlvbklkPTViNjc0NTc1LTNmZDUtNDk5OC05MjczLTc3YjQ4OTI1YWFjMTt0ZW5hbnRJZD1iZmNmMWQ5ZC05M2VhLTQzYjEtYjkwMi0xZGFhNjhhNjQyNDg=",
            "object_id": "74649a78-aaae-451f-9ebc-b428d07d0312",
            "subscription_id": "5b674575-3fd5-4998-9273-77b48925aac1",
            "tenant_id": "bfcf1d9d-93ea-43b1-b902-1daa68a64248",
            "timeouts": null
          },
          "sensitive_attributes": []
        }
      ]
    },
    {
      "mode": "data",
      "type": "azurerm_client_config",
      "name": "main",
      "provider": "provider[\"registry.terraform.io/hashicorp/azurerm\"]",
      "instances": [
        {
          "schema_version": 0,
          "attributes": {
            "client_id": "04b07795-8ddb-461a-bbee-02f9e1bf7b46",
            "id": "Y2xpZW50Q29uZmlncy9jbGllbnRJZD0wNGIwNzc5NS04ZGRiLTQ2MWEtYmJlZS0wMmY5ZTFiZjdiNDY7b2JqZWN0SWQ9NzQ2NDlhNzgtYWFhZS00NTFmLTllYmMtYjQyOGQwN2QwMzEyO3N1YnNjcmlwdGlvbklkPTViNjc0NTc1LTNmZDUtNDk5OC05MjczLTc3YjQ4OTI1YWFjMTt0ZW5hbnRJZD1iZmNmMWQ5ZC05M2VhLTQzYjEtYjkwMi0xZGFhNjhhNjQyNDg=",
            "object_id": "74649a78-aaae-451f-9ebc-b428d07d0312",
            "subscription_id": "5b674575-3fd5-4998-9273-77b48925aac1",
            "tenant_id": "bfcf1d9d-93ea-43b1-b902-1daa68a64248",
            "timeouts": null
          },
          "sensitive_attributes": []
        }
      ]
    },
    {
      "mode": "data",
      "type": "azurerm_subscription",
      "name": "main",
      "provider": "provider[\"registry.terraform.io/hashicorp/azurerm\"]",
      "instances": [
        {
          "schema_version": 0,
          "attributes": {
            "display_name": "Azure for Students",
            "id": "/subscriptions/5b674575-3fd5-4998-9273-77b48925aac1",
            "location_placement_id": "Public_2014-09-01",
            "quota_id": "AzureForStudents_2018-01-01",
            "spending_limit": "On",
            "state": "Enabled",
            "subscription_id": "5b674575-3fd5-4998-9273-77b48925aac1",
            "tags": {},
            "tenant_id": "bfcf1d9d-93ea-43b1-b902-1daa68a64248",
            "timeouts": null
          },
          "sensitive_attributes": []
        }
      ]
    },
    {
      "mode": "managed",
      "type": "azurerm_container_app",
      "name": "main",
      "provider": "provider[\"registry.terraform.io/hashicorp/azurerm\"]",
      "instances": [
        {
          "schema_version": 0,
          "attributes": {
            "container_app_environment_id": "/subscriptions/5b674575-3fd5-4998-9273-77b48925aac1/resourceGroups/ic4302-mangos/providers/Microsoft.App/managedEnvironments/main",
            "custom_domain_verification_id": "E74C138CA28FA247908DC1EAE9D947265FF407049F918EBA32C812ACCACA4167",
            "dapr": [],
            "id": "/subscriptions/5b674575-3fd5-4998-9273-77b48925aac1/resourceGroups/ic4302-mangos/providers/Microsoft.App/containerApps/main-app",
            "identity": [
              {
                "identity_ids": [
                  "/subscriptions/5b674575-3fd5-4998-9273-77b48925aac1/resourceGroups/ic4302-mangos/providers/Microsoft.ManagedIdentity/userAssignedIdentities/owneraccess"
                ],
                "principal_id": "",
                "tenant_id": "",
                "type": "UserAssigned"
              }
            ],
            "ingress": [
              {
                "allow_insecure_connections": true,
                "custom_domain": [],
                "external_enabled": true,
                "fqdn": "main-app.bluerock-1d0bf8ee.eastus.azurecontainerapps.io",
                "target_port": 5000,
                "traffic_weight": [
                  {
                    "label": "",
                    "latest_revision": true,
                    "percentage": 100,
                    "revision_suffix": ""
                  }
                ],
                "transport": "auto"
              }
            ],
            "latest_revision_fqdn": "main-app--acnfjjp.bluerock-1d0bf8ee.eastus.azurecontainerapps.io",
            "latest_revision_name": "main-app--acnfjjp",
            "location": "eastus",
            "name": "main-app",
            "outbound_ip_addresses": [
              "20.232.223.158"
            ],
            "registry": [],
            "resource_group_name": "ic4302-mangos",
            "revision_mode": "Single",
            "secret": [],
            "tags": {},
            "template": [
              {
                "container": [
                  {
                    "args": [],
                    "command": [],
                    "cpu": 0.25,
                    "env": [
                      {
                        "name": "ENV1",
                        "secret_name": "",
                        "value": "VAL1"
                      },
                      {
                        "name": "ENV2",
                        "secret_name": "",
                        "value": "VAL2"
                      }
                    ],
                    "ephemeral_storage": "1Gi",
                    "image": "docker.io/isaac4918/mangos-api:latest",
                    "liveness_probe": [],
                    "memory": "0.5Gi",
                    "name": "api-demo",
                    "readiness_probe": [],
                    "startup_probe": [],
                    "volume_mounts": []
                  }
                ],
                "max_replicas": 10,
                "min_replicas": 0,
                "revision_suffix": "",
                "volume": []
              }
            ],
            "timeouts": null
          },
          "sensitive_attributes": [],
          "private": "eyJlMmJmYjczMC1lY2FhLTExZTYtOGY4OC0zNDM2M2JjN2M0YzAiOnsiY3JlYXRlIjoxODAwMDAwMDAwMDAwLCJkZWxldGUiOjE4MDAwMDAwMDAwMDAsInJlYWQiOjMwMDAwMDAwMDAwMCwidXBkYXRlIjoxODAwMDAwMDAwMDAwfX0=",
          "dependencies": [
            "azurerm_container_app_environment.main",
            "azurerm_log_analytics_workspace.main",
            "azurerm_resource_group.main",
            "azurerm_user_assigned_identity.main"
          ]
        }
      ]
    },
    {
      "mode": "managed",
      "type": "azurerm_container_app_environment",
      "name": "main",
      "provider": "provider[\"registry.terraform.io/hashicorp/azurerm\"]",
      "instances": [
        {
          "schema_version": 0,
          "attributes": {
            "default_domain": "bluerock-1d0bf8ee.eastus.azurecontainerapps.io",
            "docker_bridge_cidr": "",
            "id": "/subscriptions/5b674575-3fd5-4998-9273-77b48925aac1/resourceGroups/ic4302-mangos/providers/Microsoft.App/managedEnvironments/main",
            "infrastructure_subnet_id": "",
            "internal_load_balancer_enabled": false,
            "location": "eastus",
            "log_analytics_workspace_id": "/subscriptions/5b674575-3fd5-4998-9273-77b48925aac1/resourceGroups/ic4302-mangos/providers/Microsoft.OperationalInsights/workspaces/main-app",
            "name": "main",
            "platform_reserved_cidr": "",
            "platform_reserved_dns_ip_address": "",
            "resource_group_name": "ic4302-mangos",
            "static_ip_address": "20.232.221.248",
            "tags": {},
            "timeouts": null
          },
          "sensitive_attributes": [],
          "private": "eyJlMmJmYjczMC1lY2FhLTExZTYtOGY4OC0zNDM2M2JjN2M0YzAiOnsiY3JlYXRlIjoxODAwMDAwMDAwMDAwLCJkZWxldGUiOjE4MDAwMDAwMDAwMDAsInJlYWQiOjMwMDAwMDAwMDAwMCwidXBkYXRlIjoxODAwMDAwMDAwMDAwfX0=",
          "dependencies": [
            "azurerm_log_analytics_workspace.main",
            "azurerm_resource_group.main"
          ]
        }
      ]
    },
    {
      "mode": "managed",
      "type": "azurerm_linux_web_app",
      "name": "main",
      "provider": "provider[\"registry.terraform.io/hashicorp/azurerm\"]",
      "instances": []
    },
    {
      "mode": "managed",
      "type": "azurerm_log_analytics_workspace",
      "name": "main",
      "provider": "provider[\"registry.terraform.io/hashicorp/azurerm\"]",
      "instances": [
        {
          "schema_version": 3,
          "attributes": {
            "allow_resource_only_permissions": true,
            "cmk_for_query_forced": false,
            "daily_quota_gb": -1,
            "id": "/subscriptions/5b674575-3fd5-4998-9273-77b48925aac1/resourceGroups/ic4302-mangos/providers/Microsoft.OperationalInsights/workspaces/main-app",
            "internet_ingestion_enabled": true,
            "internet_query_enabled": true,
            "local_authentication_disabled": false,
            "location": "eastus",
            "name": "main-app",
            "primary_shared_key": "r1I2mfkKUfSdfzFYARMlEHFgU4WPg67J6yzUyrngv2fuTca3mwr1e8R2X/t8ew396cqRgRvTw4tZx/z4Ujp2bA==",
            "reservation_capacity_in_gb_per_day": null,
            "resource_group_name": "ic4302-mangos",
            "retention_in_days": 30,
            "secondary_shared_key": "Sz/m2oxA8KSZk/ygMco86BXJsGVvLUTcGcI9K0+OmgGtJzm8NtJRXPBj/wXg0zY9710cS4wWnVOwx3WZWeYVsw==",
            "sku": "PerGB2018",
            "tags": {},
            "timeouts": null,
            "workspace_id": "e2d85be7-37ae-4232-a87f-33d29e27d610"
          },
          "sensitive_attributes": [],
          "private": "eyJlMmJmYjczMC1lY2FhLTExZTYtOGY4OC0zNDM2M2JjN2M0YzAiOnsiY3JlYXRlIjoxODAwMDAwMDAwMDAwLCJkZWxldGUiOjE4MDAwMDAwMDAwMDAsInJlYWQiOjMwMDAwMDAwMDAwMCwidXBkYXRlIjoxODAwMDAwMDAwMDAwfSwic2NoZW1hX3ZlcnNpb24iOiIzIn0=",
          "dependencies": [
            "azurerm_resource_group.main"
          ]
        }
      ]
    },
    {
      "mode": "managed",
      "type": "azurerm_resource_group",
      "name": "main",
      "provider": "provider[\"registry.terraform.io/hashicorp/azurerm\"]",
      "instances": [
        {
          "schema_version": 0,
          "attributes": {
            "id": "/subscriptions/5b674575-3fd5-4998-9273-77b48925aac1/resourceGroups/ic4302-mangos",
            "location": "eastus",
            "name": "ic4302-mangos",
            "tags": {},
            "timeouts": null
          },
          "sensitive_attributes": [],
          "private": "eyJlMmJmYjczMC1lY2FhLTExZTYtOGY4OC0zNDM2M2JjN2M0YzAiOnsiY3JlYXRlIjo1NDAwMDAwMDAwMDAwLCJkZWxldGUiOjU0MDAwMDAwMDAwMDAsInJlYWQiOjMwMDAwMDAwMDAwMCwidXBkYXRlIjo1NDAwMDAwMDAwMDAwfX0="
        }
      ]
    },
    {
      "mode": "managed",
      "type": "azurerm_role_assignment",
      "name": "main",
      "provider": "provider[\"registry.terraform.io/hashicorp/azurerm\"]",
      "instances": [
        {
          "schema_version": 0,
          "attributes": {
            "condition": "",
            "condition_version": "",
            "delegated_managed_identity_resource_id": "",
            "description": "",
            "id": "/subscriptions/5b674575-3fd5-4998-9273-77b48925aac1/providers/Microsoft.Authorization/roleAssignments/4d8e61c6-7325-4985-8d8b-745825e408e8",
            "name": "4d8e61c6-7325-4985-8d8b-745825e408e8",
            "principal_id": "01a80e8a-0b8f-424b-8977-13ff4ff44c9d",
            "principal_type": "ServicePrincipal",
            "role_definition_id": "/subscriptions/5b674575-3fd5-4998-9273-77b48925aac1/providers/Microsoft.Authorization/roleDefinitions/8e3af657-a8ff-443c-a75c-2fe8c4bcb635",
            "role_definition_name": "Owner",
            "scope": "/subscriptions/5b674575-3fd5-4998-9273-77b48925aac1",
            "skip_service_principal_aad_check": null,
            "timeouts": null
          },
          "sensitive_attributes": [],
          "private": "eyJlMmJmYjczMC1lY2FhLTExZTYtOGY4OC0zNDM2M2JjN2M0YzAiOnsiY3JlYXRlIjoxODAwMDAwMDAwMDAwLCJkZWxldGUiOjE4MDAwMDAwMDAwMDAsInJlYWQiOjMwMDAwMDAwMDAwMCwidXBkYXRlIjoxODAwMDAwMDAwMDAwfX0=",
          "dependencies": [
            "azurerm_resource_group.main",
            "azurerm_user_assigned_identity.main",
            "data.azurerm_subscription.main"
          ]
        }
      ]
    },
    {
      "mode": "managed",
      "type": "azurerm_role_assignment",
      "name": "storage_blob_data_contributor",
      "provider": "provider[\"registry.terraform.io/hashicorp/azurerm\"]",
      "instances": [
        {
          "schema_version": 0,
          "attributes": {
            "condition": "",
            "condition_version": "",
            "delegated_managed_identity_resource_id": "",
            "description": "",
            "id": "/subscriptions/5b674575-3fd5-4998-9273-77b48925aac1/providers/Microsoft.Authorization/roleAssignments/287024ba-64c7-72a1-c218-0c2ca080ae9c",
            "name": "287024ba-64c7-72a1-c218-0c2ca080ae9c",
            "principal_id": "01a80e8a-0b8f-424b-8977-13ff4ff44c9d",
            "principal_type": "ServicePrincipal",
            "role_definition_id": "/subscriptions/5b674575-3fd5-4998-9273-77b48925aac1/providers/Microsoft.Authorization/roleDefinitions/ba92f5b4-2d11-453d-a403-e96b0029c9fe",
            "role_definition_name": "Storage Blob Data Contributor",
            "scope": "/subscriptions/5b674575-3fd5-4998-9273-77b48925aac1",
            "skip_service_principal_aad_check": null,
            "timeouts": null
          },
          "sensitive_attributes": [],
          "private": "eyJlMmJmYjczMC1lY2FhLTExZTYtOGY4OC0zNDM2M2JjN2M0YzAiOnsiY3JlYXRlIjoxODAwMDAwMDAwMDAwLCJkZWxldGUiOjE4MDAwMDAwMDAwMDAsInJlYWQiOjMwMDAwMDAwMDAwMCwidXBkYXRlIjoxODAwMDAwMDAwMDAwfX0=",
          "dependencies": [
            "azurerm_resource_group.main",
            "azurerm_user_assigned_identity.main",
            "data.azurerm_subscription.main"
          ]
        }
      ]
    },
    {
      "mode": "managed",
      "type": "azurerm_role_assignment",
      "name": "storage_blob_data_contributor_user",
      "provider": "provider[\"registry.terraform.io/hashicorp/azurerm\"]",
      "instances": [
        {
          "schema_version": 0,
          "attributes": {
            "condition": "",
            "condition_version": "",
            "delegated_managed_identity_resource_id": "",
            "description": "",
            "id": "/subscriptions/5b674575-3fd5-4998-9273-77b48925aac1/providers/Microsoft.Authorization/roleAssignments/a6b4604d-1468-e154-ae25-a6f03ff5da23",
            "name": "a6b4604d-1468-e154-ae25-a6f03ff5da23",
            "principal_id": "74649a78-aaae-451f-9ebc-b428d07d0312",
            "principal_type": "User",
            "role_definition_id": "/subscriptions/5b674575-3fd5-4998-9273-77b48925aac1/providers/Microsoft.Authorization/roleDefinitions/ba92f5b4-2d11-453d-a403-e96b0029c9fe",
            "role_definition_name": "Storage Blob Data Contributor",
            "scope": "/subscriptions/5b674575-3fd5-4998-9273-77b48925aac1",
            "skip_service_principal_aad_check": null,
            "timeouts": null
          },
          "sensitive_attributes": [],
          "private": "eyJlMmJmYjczMC1lY2FhLTExZTYtOGY4OC0zNDM2M2JjN2M0YzAiOnsiY3JlYXRlIjoxODAwMDAwMDAwMDAwLCJkZWxldGUiOjE4MDAwMDAwMDAwMDAsInJlYWQiOjMwMDAwMDAwMDAwMCwidXBkYXRlIjoxODAwMDAwMDAwMDAwfX0=",
          "dependencies": [
            "data.azurerm_client_config.current",
            "data.azurerm_subscription.main"
          ]
        }
      ]
    },
    {
      "mode": "managed",
      "type": "azurerm_role_assignment",
      "name": "storage_queue_data_contributor",
      "provider": "provider[\"registry.terraform.io/hashicorp/azurerm\"]",
      "instances": [
        {
          "schema_version": 0,
          "attributes": {
            "condition": "",
            "condition_version": "",
            "delegated_managed_identity_resource_id": "",
            "description": "",
            "id": "/subscriptions/5b674575-3fd5-4998-9273-77b48925aac1/providers/Microsoft.Authorization/roleAssignments/6dad9c81-be34-4f88-47d7-9f028eb291c5",
            "name": "6dad9c81-be34-4f88-47d7-9f028eb291c5",
            "principal_id": "01a80e8a-0b8f-424b-8977-13ff4ff44c9d",
            "principal_type": "ServicePrincipal",
            "role_definition_id": "/subscriptions/5b674575-3fd5-4998-9273-77b48925aac1/providers/Microsoft.Authorization/roleDefinitions/974c5e8b-45b9-4653-ba55-5f855dd0fb88",
            "role_definition_name": "Storage Queue Data Contributor",
            "scope": "/subscriptions/5b674575-3fd5-4998-9273-77b48925aac1",
            "skip_service_principal_aad_check": null,
            "timeouts": null
          },
          "sensitive_attributes": [],
          "private": "eyJlMmJmYjczMC1lY2FhLTExZTYtOGY4OC0zNDM2M2JjN2M0YzAiOnsiY3JlYXRlIjoxODAwMDAwMDAwMDAwLCJkZWxldGUiOjE4MDAwMDAwMDAwMDAsInJlYWQiOjMwMDAwMDAwMDAwMCwidXBkYXRlIjoxODAwMDAwMDAwMDAwfX0=",
          "dependencies": [
            "azurerm_resource_group.main",
            "azurerm_user_assigned_identity.main",
            "data.azurerm_subscription.main"
          ]
        }
      ]
    },
    {
      "mode": "managed",
      "type": "azurerm_role_assignment",
      "name": "storage_queue_data_contributor_user",
      "provider": "provider[\"registry.terraform.io/hashicorp/azurerm\"]",
      "instances": [
        {
          "schema_version": 0,
          "attributes": {
            "condition": "",
            "condition_version": "",
            "delegated_managed_identity_resource_id": "",
            "description": "",
            "id": "/subscriptions/5b674575-3fd5-4998-9273-77b48925aac1/providers/Microsoft.Authorization/roleAssignments/26693ae1-f1c4-546d-1b86-aab48f483a07",
            "name": "26693ae1-f1c4-546d-1b86-aab48f483a07",
            "principal_id": "74649a78-aaae-451f-9ebc-b428d07d0312",
            "principal_type": "User",
            "role_definition_id": "/subscriptions/5b674575-3fd5-4998-9273-77b48925aac1/providers/Microsoft.Authorization/roleDefinitions/974c5e8b-45b9-4653-ba55-5f855dd0fb88",
            "role_definition_name": "Storage Queue Data Contributor",
            "scope": "/subscriptions/5b674575-3fd5-4998-9273-77b48925aac1",
            "skip_service_principal_aad_check": null,
            "timeouts": null
          },
          "sensitive_attributes": [],
          "private": "eyJlMmJmYjczMC1lY2FhLTExZTYtOGY4OC0zNDM2M2JjN2M0YzAiOnsiY3JlYXRlIjoxODAwMDAwMDAwMDAwLCJkZWxldGUiOjE4MDAwMDAwMDAwMDAsInJlYWQiOjMwMDAwMDAwMDAwMCwidXBkYXRlIjoxODAwMDAwMDAwMDAwfX0=",
          "dependencies": [
            "data.azurerm_client_config.current",
            "data.azurerm_subscription.main"
          ]
        }
      ]
    },
    {
      "mode": "managed",
      "type": "azurerm_storage_account",
      "name": "main",
      "provider": "provider[\"registry.terraform.io/hashicorp/azurerm\"]",
      "instances": [
        {
          "schema_version": 3,
          "attributes": {
            "access_tier": "Hot",
            "account_kind": "StorageV2",
            "account_replication_type": "LRS",
            "account_tier": "Standard",
            "allow_nested_items_to_be_public": true,
            "allowed_copy_scope": "",
            "azure_files_authentication": [],
            "blob_properties": [
              {
                "change_feed_enabled": false,
                "change_feed_retention_in_days": 0,
                "container_delete_retention_policy": [],
                "cors_rule": [],
                "default_service_version": "",
                "delete_retention_policy": [],
                "last_access_time_enabled": false,
                "restore_policy": [],
                "versioning_enabled": false
              }
            ],
            "cross_tenant_replication_enabled": true,
            "custom_domain": [],
            "customer_managed_key": [],
            "default_to_oauth_authentication": false,
            "edge_zone": "",
            "enable_https_traffic_only": true,
            "id": "/subscriptions/5b674575-3fd5-4998-9273-77b48925aac1/resourceGroups/ic4302-mangos/providers/Microsoft.Storage/storageAccounts/filesmanagermangos",
            "identity": [],
            "immutability_policy": [],
            "infrastructure_encryption_enabled": false,
            "is_hns_enabled": false,
            "large_file_share_enabled": null,
            "location": "eastus",
            "min_tls_version": "TLS1_2",
            "name": "filesmanagermangos",
            "network_rules": [
              {
                "bypass": [
                  "AzureServices"
                ],
                "default_action": "Allow",
                "ip_rules": [],
                "private_link_access": [],
                "virtual_network_subnet_ids": []
              }
            ],
            "nfsv3_enabled": false,
            "primary_access_key": "Saa2gk/HpGrwHCYss1SIOu9vZvIImF0i2mrs1cGefodVe0TV1DjJFaGapXRFSIc4n5gSfgVD8FlI+ASt8Tv7kQ==",
            "primary_blob_connection_string": "DefaultEndpointsProtocol=https;BlobEndpoint=https://filesmanagermangos.blob.core.windows.net/;AccountName=filesmanagermangos;AccountKey=Saa2gk/HpGrwHCYss1SIOu9vZvIImF0i2mrs1cGefodVe0TV1DjJFaGapXRFSIc4n5gSfgVD8FlI+ASt8Tv7kQ==",
            "primary_blob_endpoint": "https://filesmanagermangos.blob.core.windows.net/",
            "primary_blob_host": "filesmanagermangos.blob.core.windows.net",
            "primary_connection_string": "DefaultEndpointsProtocol=https;AccountName=filesmanagermangos;AccountKey=Saa2gk/HpGrwHCYss1SIOu9vZvIImF0i2mrs1cGefodVe0TV1DjJFaGapXRFSIc4n5gSfgVD8FlI+ASt8Tv7kQ==;EndpointSuffix=core.windows.net",
            "primary_dfs_endpoint": "https://filesmanagermangos.dfs.core.windows.net/",
            "primary_dfs_host": "filesmanagermangos.dfs.core.windows.net",
            "primary_file_endpoint": "https://filesmanagermangos.file.core.windows.net/",
            "primary_file_host": "filesmanagermangos.file.core.windows.net",
            "primary_location": "eastus",
            "primary_queue_endpoint": "https://filesmanagermangos.queue.core.windows.net/",
            "primary_queue_host": "filesmanagermangos.queue.core.windows.net",
            "primary_table_endpoint": "https://filesmanagermangos.table.core.windows.net/",
            "primary_table_host": "filesmanagermangos.table.core.windows.net",
            "primary_web_endpoint": "https://filesmanagermangos.z13.web.core.windows.net/",
            "primary_web_host": "filesmanagermangos.z13.web.core.windows.net",
            "public_network_access_enabled": true,
            "queue_encryption_key_type": "Service",
            "queue_properties": [
              {
                "cors_rule": [],
                "hour_metrics": [
                  {
                    "enabled": true,
                    "include_apis": true,
                    "retention_policy_days": 7,
                    "version": "1.0"
                  }
                ],
                "logging": [
                  {
                    "delete": false,
                    "read": false,
                    "retention_policy_days": 0,
                    "version": "1.0",
                    "write": false
                  }
                ],
                "minute_metrics": [
                  {
                    "enabled": false,
                    "include_apis": false,
                    "retention_policy_days": 0,
                    "version": "1.0"
                  }
                ]
              }
            ],
            "resource_group_name": "ic4302-mangos",
            "routing": [],
            "sas_policy": [],
            "secondary_access_key": "8ESHIXxg3Fjrjlq7mpsGhCxpn+HEM2YG92x80oq606lN4NwOjxfgZvUj0FijtMF4VvOUA4ty/GdA+AStoP+iYA==",
            "secondary_blob_connection_string": "",
            "secondary_blob_endpoint": null,
            "secondary_blob_host": null,
            "secondary_connection_string": "DefaultEndpointsProtocol=https;AccountName=filesmanagermangos;AccountKey=8ESHIXxg3Fjrjlq7mpsGhCxpn+HEM2YG92x80oq606lN4NwOjxfgZvUj0FijtMF4VvOUA4ty/GdA+AStoP+iYA==;EndpointSuffix=core.windows.net",
            "secondary_dfs_endpoint": null,
            "secondary_dfs_host": null,
            "secondary_file_endpoint": null,
            "secondary_file_host": null,
            "secondary_location": "",
            "secondary_queue_endpoint": null,
            "secondary_queue_host": null,
            "secondary_table_endpoint": null,
            "secondary_table_host": null,
            "secondary_web_endpoint": null,
            "secondary_web_host": null,
            "sftp_enabled": false,
            "share_properties": [
              {
                "cors_rule": [],
                "retention_policy": [
                  {
                    "days": 7
                  }
                ],
                "smb": []
              }
            ],
            "shared_access_key_enabled": true,
            "static_website": [],
            "table_encryption_key_type": "Service",
            "tags": {},
            "timeouts": null
          },
          "sensitive_attributes": [],
          "private": "eyJlMmJmYjczMC1lY2FhLTExZTYtOGY4OC0zNDM2M2JjN2M0YzAiOnsiY3JlYXRlIjozNjAwMDAwMDAwMDAwLCJkZWxldGUiOjM2MDAwMDAwMDAwMDAsInJlYWQiOjMwMDAwMDAwMDAwMCwidXBkYXRlIjozNjAwMDAwMDAwMDAwfSwic2NoZW1hX3ZlcnNpb24iOiIzIn0=",
          "dependencies": [
            "azurerm_resource_group.main"
          ]
        }
      ]
    },
    {
      "mode": "managed",
      "type": "azurerm_storage_container",
      "name": "main",
      "provider": "provider[\"registry.terraform.io/hashicorp/azurerm\"]",
      "instances": [
        {
          "schema_version": 1,
          "attributes": {
            "container_access_type": "private",
            "has_immutability_policy": false,
            "has_legal_hold": false,
            "id": "https://filesmanagermangos.blob.core.windows.net/documents",
            "metadata": {},
            "name": "documents",
            "resource_manager_id": "/subscriptions/5b674575-3fd5-4998-9273-77b48925aac1/resourceGroups/ic4302-mangos/providers/Microsoft.Storage/storageAccounts/filesmanagermangos/blobServices/default/containers/documents",
            "storage_account_name": "filesmanagermangos",
            "timeouts": null
          },
          "sensitive_attributes": [],
          "private": "eyJlMmJmYjczMC1lY2FhLTExZTYtOGY4OC0zNDM2M2JjN2M0YzAiOnsiY3JlYXRlIjoxODAwMDAwMDAwMDAwLCJkZWxldGUiOjE4MDAwMDAwMDAwMDAsInJlYWQiOjMwMDAwMDAwMDAwMCwidXBkYXRlIjoxODAwMDAwMDAwMDAwfSwic2NoZW1hX3ZlcnNpb24iOiIxIn0=",
          "dependencies": [
            "azurerm_resource_group.main",
            "azurerm_storage_account.main"
          ]
        }
      ]
    },
    {
      "mode": "managed",
      "type": "azurerm_user_assigned_identity",
      "name": "main",
      "provider": "provider[\"registry.terraform.io/hashicorp/azurerm\"]",
      "instances": [
        {
          "schema_version": 1,
          "attributes": {
            "client_id": "6c4b6705-c51e-4725-b314-32c0a4dd82f5",
            "id": "/subscriptions/5b674575-3fd5-4998-9273-77b48925aac1/resourceGroups/ic4302-mangos/providers/Microsoft.ManagedIdentity/userAssignedIdentities/owneraccess",
            "location": "eastus",
            "name": "owneraccess",
            "principal_id": "01a80e8a-0b8f-424b-8977-13ff4ff44c9d",
            "resource_group_name": "ic4302-mangos",
            "tags": {},
            "tenant_id": "bfcf1d9d-93ea-43b1-b902-1daa68a64248",
            "timeouts": null
          },
          "sensitive_attributes": [],
          "private": "eyJlMmJmYjczMC1lY2FhLTExZTYtOGY4OC0zNDM2M2JjN2M0YzAiOnsiY3JlYXRlIjoxODAwMDAwMDAwMDAwLCJkZWxldGUiOjE4MDAwMDAwMDAwMDAsInJlYWQiOjMwMDAwMDAwMDAwMCwidXBkYXRlIjoxODAwMDAwMDAwMDAwfSwic2NoZW1hX3ZlcnNpb24iOiIxIn0=",
          "dependencies": [
            "azurerm_resource_group.main"
          ]
        }
      ]
    }
  ],
  "check_results": null
}
