dependencies:
- name: mongodb
  repository: https://charts.bitnami.com/bitnami
  version: 13.6.7
- name: mariadb
  repository: https://charts.bitnami.com/bitnami
  version: 11.5.3
- name: postgresql
  repository: https://charts.bitnami.com/bitnami
  version: 12.2.2
- name: neo4j
  repository: https://helm.neo4j.com/neo4j
  version: 5.7.0
- name: couchdb
  repository: https://apache.github.io/couchdb-helm
  version: 4.4.0
digest: sha256:cb4f7588ca6e58ef3a85e6e788763d3cf2b2699ab1725fa5c3af313c109c099e
generated: "2023-06-05T19:43:22.126361581-06:00"
